// !$*UTF8*$!
{
	archiveVersion = 1;
	classes = {
	};
	objectVersion = 51;
	objects = {

/* Begin PBXBuildFile section */
		017A2D0AFD4865FC138E3C71 /* ISSUIComponents.framework in Frameworks */ = {isa = PBXBuildFile; fileRef = 5C63E64C51C7FE95EC2DFF7C /* ISSUIComponents.framework */; };
		033AB2A8945724B6888614B1 /* ISSSpacesuitService.framework in Embed Frameworks */ = {isa = PBXBuildFile; fileRef = 961A3CA8564AD44B2407659F /* ISSSpacesuitService.framework */; settings = {ATTRIBUTES = (CodeSignOnCopy, RemoveHeadersOnCopy, ); }; };
		17759BCF0B186492620EBCC9 /* ISSNetwork.framework in Embed Frameworks */ = {isa = PBXBuildFile; fileRef = 90F139269B7890A99DE11B98 /* ISSNetwork.framework */; settings = {ATTRIBUTES = (CodeSignOnCopy, RemoveHeadersOnCopy, ); }; };
		190C56802E4D514ACA5F8228 /* Pods_CosmonautAppTests.framework in Frameworks */ = {isa = PBXBuildFile; fileRef = 1E301ABF4EA626E4534E58EF /* Pods_CosmonautAppTests.framework */; };
		2F593270A4B9DFFAF2FEABC4 /* CosmonautTests.swift in Sources */ = {isa = PBXBuildFile; fileRef = D8B51CA7ED7BBE5903F8BA53 /* CosmonautTests.swift */; };
		3968AABA31297792A1BFA185 /* ISSCosmonautService.framework in Embed Frameworks */ = {isa = PBXBuildFile; fileRef = F518FB14E58E4E9FAF345E54 /* ISSCosmonautService.framework */; settings = {ATTRIBUTES = (CodeSignOnCopy, RemoveHeadersOnCopy, ); }; };
		45FDF791A200AA474CA22B50 /* Pods_CosmonautApp_CosmonautAppUITests.framework in Frameworks */ = {isa = PBXBuildFile; fileRef = 180CBB22DDFDD146EC18B335 /* Pods_CosmonautApp_CosmonautAppUITests.framework */; };
		5BF0EB8AA33ED6D538D1217B /* LaunchScreen.storyboard in Resources */ = {isa = PBXBuildFile; fileRef = 955041E135B3229E51BD8DED /* LaunchScreen.storyboard */; };
		61FBAA47970D61D9CC73E5D1 /* ISSPersistence.framework in Embed Frameworks */ = {isa = PBXBuildFile; fileRef = 1A8AD551936E2F19C0BC0C3F /* ISSPersistence.framework */; settings = {ATTRIBUTES = (CodeSignOnCopy, RemoveHeadersOnCopy, ); }; };
		668CF4F3E1043288379DA692 /* ISSCosmonaut.framework in Embed Frameworks */ = {isa = PBXBuildFile; fileRef = DCFBED01279744697D221950 /* ISSCosmonaut.framework */; settings = {ATTRIBUTES = (CodeSignOnCopy, RemoveHeadersOnCopy, ); }; };
		74E66389B904F2A290628F31 /* ISSSpacesuit.framework in Embed Frameworks */ = {isa = PBXBuildFile; fileRef = FE0C9E4EF3312DADA811AB58 /* ISSSpacesuit.framework */; settings = {ATTRIBUTES = (CodeSignOnCopy, RemoveHeadersOnCopy, ); }; };
		7A5867161CC2AEA6E506ABEA /* ISSSpacesuit.framework in Frameworks */ = {isa = PBXBuildFile; fileRef = FE0C9E4EF3312DADA811AB58 /* ISSSpacesuit.framework */; };
		7A90963B57E836A22C838F86 /* ISSScaffold.framework in Frameworks */ = {isa = PBXBuildFile; fileRef = 5A0C7DE05B53DF8B92DBB24F /* ISSScaffold.framework */; };
		7F6BE9BE060C93BA18CCCB1D /* CosmonautUITests.swift in Sources */ = {isa = PBXBuildFile; fileRef = 38259F4709C80503445F4D37 /* CosmonautUITests.swift */; };
		8BAAADC1D8FC78E4928435DB /* Assets.xcassets in Resources */ = {isa = PBXBuildFile; fileRef = 9DEFBB7369034D1F7AB5C166 /* Assets.xcassets */; };
		8FBF9C4DA23EAC22D15E033E /* ISSRadio.framework in Embed Frameworks */ = {isa = PBXBuildFile; fileRef = 40A707BDCFB6E193CB5A9517 /* ISSRadio.framework */; settings = {ATTRIBUTES = (CodeSignOnCopy, RemoveHeadersOnCopy, ); }; };
		993A8844F63C1324A828150B /* ISSOverviewService.framework in Embed Frameworks */ = {isa = PBXBuildFile; fileRef = 1CC38FBF0741A393735D421A /* ISSOverviewService.framework */; settings = {ATTRIBUTES = (CodeSignOnCopy, RemoveHeadersOnCopy, ); }; };
		9A1BC05FA7CE9DF655BB1E90 /* ISSNetwork.framework in Frameworks */ = {isa = PBXBuildFile; fileRef = 90F139269B7890A99DE11B98 /* ISSNetwork.framework */; };
		A9889B08C1908A92E3A88260 /* Pods_CosmonautApp.framework in Frameworks */ = {isa = PBXBuildFile; fileRef = CB22A6124E6E32D56BA5F5FF /* Pods_CosmonautApp.framework */; };
		AF528906823BFEA7433564FE /* ISSOverviewService.framework in Frameworks */ = {isa = PBXBuildFile; fileRef = 1CC38FBF0741A393735D421A /* ISSOverviewService.framework */; };
		B930846C445F10A1C0DB89A8 /* ISSScaffold.framework in Embed Frameworks */ = {isa = PBXBuildFile; fileRef = 5A0C7DE05B53DF8B92DBB24F /* ISSScaffold.framework */; settings = {ATTRIBUTES = (CodeSignOnCopy, RemoveHeadersOnCopy, ); }; };
		B93391AEE475097669DBEFDD /* ISSPersistence.framework in Frameworks */ = {isa = PBXBuildFile; fileRef = 1A8AD551936E2F19C0BC0C3F /* ISSPersistence.framework */; };
		C7C7A5ABEC3B4F65CF821850 /* ISSCosmonautService.framework in Frameworks */ = {isa = PBXBuildFile; fileRef = F518FB14E58E4E9FAF345E54 /* ISSCosmonautService.framework */; };
		D0B61591F2964EB647BAEC13 /* ISSSpacesuitService.framework in Frameworks */ = {isa = PBXBuildFile; fileRef = 961A3CA8564AD44B2407659F /* ISSSpacesuitService.framework */; };
		E942DE60F07A58F6CA9B3379 /* ISSRadio.framework in Frameworks */ = {isa = PBXBuildFile; fileRef = 40A707BDCFB6E193CB5A9517 /* ISSRadio.framework */; };
		EA0F975FEA998FDF370C4BD7 /* AppDelegate.swift in Sources */ = {isa = PBXBuildFile; fileRef = D90B709BF009AC8A1364CE04 /* AppDelegate.swift */; };
		FF4949DCED9154E90CEBC4F8 /* ISSUIComponents.framework in Embed Frameworks */ = {isa = PBXBuildFile; fileRef = 5C63E64C51C7FE95EC2DFF7C /* ISSUIComponents.framework */; settings = {ATTRIBUTES = (CodeSignOnCopy, RemoveHeadersOnCopy, ); }; };
		FFFFCD77263DC35F659CAD97 /* ISSCosmonaut.framework in Frameworks */ = {isa = PBXBuildFile; fileRef = DCFBED01279744697D221950 /* ISSCosmonaut.framework */; };
/* End PBXBuildFile section */

/* Begin PBXContainerItemProxy section */
		513FFBC6A6EFEC2F5A876978 /* PBXContainerItemProxy */ = {
			isa = PBXContainerItemProxy;
			containerPortal = F69D904C19070116D2F258D5 /* Project object */;
			proxyType = 1;
			remoteGlobalIDString = 2827922078F42206D171EF47;
			remoteInfo = CosmonautApp;
		};
		C80FCEB2EF27CB461C0A89B4 /* PBXContainerItemProxy */ = {
			isa = PBXContainerItemProxy;
			containerPortal = F69D904C19070116D2F258D5 /* Project object */;
			proxyType = 1;
			remoteGlobalIDString = 2827922078F42206D171EF47;
			remoteInfo = CosmonautApp;
		};
/* End PBXContainerItemProxy section */

/* Begin PBXCopyFilesBuildPhase section */
		603F7692A91A094ED0B1F730 /* Embed Frameworks */ = {
			isa = PBXCopyFilesBuildPhase;
			buildActionMask = 2147483647;
			dstPath = "";
			dstSubfolderSpec = 10;
			files = (
				668CF4F3E1043288379DA692 /* ISSCosmonaut.framework in Embed Frameworks */,
				74E66389B904F2A290628F31 /* ISSSpacesuit.framework in Embed Frameworks */,
				B930846C445F10A1C0DB89A8 /* ISSScaffold.framework in Embed Frameworks */,
				033AB2A8945724B6888614B1 /* ISSSpacesuitService.framework in Embed Frameworks */,
				3968AABA31297792A1BFA185 /* ISSCosmonautService.framework in Embed Frameworks */,
				993A8844F63C1324A828150B /* ISSOverviewService.framework in Embed Frameworks */,
				17759BCF0B186492620EBCC9 /* ISSNetwork.framework in Embed Frameworks */,
				8FBF9C4DA23EAC22D15E033E /* ISSRadio.framework in Embed Frameworks */,
				61FBAA47970D61D9CC73E5D1 /* ISSPersistence.framework in Embed Frameworks */,
				FF4949DCED9154E90CEBC4F8 /* ISSUIComponents.framework in Embed Frameworks */,
			);
			name = "Embed Frameworks";
			runOnlyForDeploymentPostprocessing = 0;
		};
/* End PBXCopyFilesBuildPhase section */

/* Begin PBXFileReference section */
		134A613180FC3BAB71EA94A4 /* CosmonautAppUITests.xctest */ = {isa = PBXFileReference; includeInIndex = 0; lastKnownFileType = wrapper.cfbundle; path = CosmonautAppUITests.xctest; sourceTree = BUILT_PRODUCTS_DIR; };
		180CBB22DDFDD146EC18B335 /* Pods_CosmonautApp_CosmonautAppUITests.framework */ = {isa = PBXFileReference; explicitFileType = wrapper.framework; includeInIndex = 0; path = Pods_CosmonautApp_CosmonautAppUITests.framework; sourceTree = BUILT_PRODUCTS_DIR; };
		1A8AD551936E2F19C0BC0C3F /* ISSPersistence.framework */ = {isa = PBXFileReference; lastKnownFileType = wrapper.framework; path = ISSPersistence.framework; sourceTree = BUILT_PRODUCTS_DIR; };
		1BAE7198D5BDE7890A48A3D8 /* CosmonautApp.app */ = {isa = PBXFileReference; includeInIndex = 0; lastKnownFileType = wrapper.application; path = CosmonautApp.app; sourceTree = BUILT_PRODUCTS_DIR; };
		1C45AAAA5B1F141DD9ED8931 /* Base */ = {isa = PBXFileReference; lastKnownFileType = file.storyboard; name = Base; path = Base.lproj/LaunchScreen.storyboard; sourceTree = "<group>"; };
		1CC38FBF0741A393735D421A /* ISSOverviewService.framework */ = {isa = PBXFileReference; lastKnownFileType = wrapper.framework; path = ISSOverviewService.framework; sourceTree = BUILT_PRODUCTS_DIR; };
		1E301ABF4EA626E4534E58EF /* Pods_CosmonautAppTests.framework */ = {isa = PBXFileReference; explicitFileType = wrapper.framework; includeInIndex = 0; path = Pods_CosmonautAppTests.framework; sourceTree = BUILT_PRODUCTS_DIR; };
		38259F4709C80503445F4D37 /* CosmonautUITests.swift */ = {isa = PBXFileReference; lastKnownFileType = sourcecode.swift; path = CosmonautUITests.swift; sourceTree = "<group>"; };
		3F7C9561A3C655C56D7D4E72 /* Pods-CosmonautApp-CosmonautAppUITests.debug.xcconfig */ = {isa = PBXFileReference; includeInIndex = 1; lastKnownFileType = text.xcconfig; name = "Pods-CosmonautApp-CosmonautAppUITests.debug.xcconfig"; path = "Target Support Files/Pods-CosmonautApp-CosmonautAppUITests/Pods-CosmonautApp-CosmonautAppUITests.debug.xcconfig"; sourceTree = "<group>"; };
		40A707BDCFB6E193CB5A9517 /* ISSRadio.framework */ = {isa = PBXFileReference; lastKnownFileType = wrapper.framework; path = ISSRadio.framework; sourceTree = BUILT_PRODUCTS_DIR; };
		4CBD3193CE64BD9F7A081FBE /* CosmonautAppTests.xctest */ = {isa = PBXFileReference; includeInIndex = 0; lastKnownFileType = wrapper.cfbundle; path = CosmonautAppTests.xctest; sourceTree = BUILT_PRODUCTS_DIR; };
		554789F1D7B97B3F83A6A548 /* Info.plist */ = {isa = PBXFileReference; lastKnownFileType = text.plist; path = Info.plist; sourceTree = "<group>"; };
		58807E0367BFDDA7D55A69CF /* Info.plist */ = {isa = PBXFileReference; lastKnownFileType = text.plist; path = Info.plist; sourceTree = "<group>"; };
		5A0C7DE05B53DF8B92DBB24F /* ISSScaffold.framework */ = {isa = PBXFileReference; lastKnownFileType = wrapper.framework; path = ISSScaffold.framework; sourceTree = BUILT_PRODUCTS_DIR; };
		5AB95DB279A1107990B51779 /* Pods-CosmonautApp.debug.xcconfig */ = {isa = PBXFileReference; includeInIndex = 1; lastKnownFileType = text.xcconfig; name = "Pods-CosmonautApp.debug.xcconfig"; path = "Target Support Files/Pods-CosmonautApp/Pods-CosmonautApp.debug.xcconfig"; sourceTree = "<group>"; };
		5B1B146B8E4828F7563ADA11 /* Info.plist */ = {isa = PBXFileReference; lastKnownFileType = text.plist; path = Info.plist; sourceTree = "<group>"; };
		5C63E64C51C7FE95EC2DFF7C /* ISSUIComponents.framework */ = {isa = PBXFileReference; lastKnownFileType = wrapper.framework; path = ISSUIComponents.framework; sourceTree = BUILT_PRODUCTS_DIR; };
		90F139269B7890A99DE11B98 /* ISSNetwork.framework */ = {isa = PBXFileReference; lastKnownFileType = wrapper.framework; path = ISSNetwork.framework; sourceTree = BUILT_PRODUCTS_DIR; };
		943A3798E3FA88F38D24D2BC /* Pods-CosmonautAppTests.release.xcconfig */ = {isa = PBXFileReference; includeInIndex = 1; lastKnownFileType = text.xcconfig; name = "Pods-CosmonautAppTests.release.xcconfig"; path = "Target Support Files/Pods-CosmonautAppTests/Pods-CosmonautAppTests.release.xcconfig"; sourceTree = "<group>"; };
		961A3CA8564AD44B2407659F /* ISSSpacesuitService.framework */ = {isa = PBXFileReference; lastKnownFileType = wrapper.framework; path = ISSSpacesuitService.framework; sourceTree = BUILT_PRODUCTS_DIR; };
		9DEFBB7369034D1F7AB5C166 /* Assets.xcassets */ = {isa = PBXFileReference; lastKnownFileType = folder.assetcatalog; path = Assets.xcassets; sourceTree = "<group>"; };
		CB22A6124E6E32D56BA5F5FF /* Pods_CosmonautApp.framework */ = {isa = PBXFileReference; explicitFileType = wrapper.framework; includeInIndex = 0; path = Pods_CosmonautApp.framework; sourceTree = BUILT_PRODUCTS_DIR; };
		D8B51CA7ED7BBE5903F8BA53 /* CosmonautTests.swift */ = {isa = PBXFileReference; lastKnownFileType = sourcecode.swift; path = CosmonautTests.swift; sourceTree = "<group>"; };
		D90B709BF009AC8A1364CE04 /* AppDelegate.swift */ = {isa = PBXFileReference; lastKnownFileType = sourcecode.swift; path = AppDelegate.swift; sourceTree = "<group>"; };
		DCFBED01279744697D221950 /* ISSCosmonaut.framework */ = {isa = PBXFileReference; lastKnownFileType = wrapper.framework; path = ISSCosmonaut.framework; sourceTree = BUILT_PRODUCTS_DIR; };
		E04EC8C6E982ACC52EE5F270 /* Pods-CosmonautApp-CosmonautAppUITests.release.xcconfig */ = {isa = PBXFileReference; includeInIndex = 1; lastKnownFileType = text.xcconfig; name = "Pods-CosmonautApp-CosmonautAppUITests.release.xcconfig"; path = "Target Support Files/Pods-CosmonautApp-CosmonautAppUITests/Pods-CosmonautApp-CosmonautAppUITests.release.xcconfig"; sourceTree = "<group>"; };
		F22596C99BAC0F86EEB9653E /* Pods-CosmonautApp.release.xcconfig */ = {isa = PBXFileReference; includeInIndex = 1; lastKnownFileType = text.xcconfig; name = "Pods-CosmonautApp.release.xcconfig"; path = "Target Support Files/Pods-CosmonautApp/Pods-CosmonautApp.release.xcconfig"; sourceTree = "<group>"; };
		F518FB14E58E4E9FAF345E54 /* ISSCosmonautService.framework */ = {isa = PBXFileReference; lastKnownFileType = wrapper.framework; path = ISSCosmonautService.framework; sourceTree = BUILT_PRODUCTS_DIR; };
		FD260E4F96D861C4C48E0974 /* Pods-CosmonautAppTests.debug.xcconfig */ = {isa = PBXFileReference; includeInIndex = 1; lastKnownFileType = text.xcconfig; name = "Pods-CosmonautAppTests.debug.xcconfig"; path = "Target Support Files/Pods-CosmonautAppTests/Pods-CosmonautAppTests.debug.xcconfig"; sourceTree = "<group>"; };
		FE0C9E4EF3312DADA811AB58 /* ISSSpacesuit.framework */ = {isa = PBXFileReference; lastKnownFileType = wrapper.framework; path = ISSSpacesuit.framework; sourceTree = BUILT_PRODUCTS_DIR; };
/* End PBXFileReference section */

/* Begin PBXFrameworksBuildPhase section */
		B49F92656F116EEA6C015590 /* Frameworks */ = {
			isa = PBXFrameworksBuildPhase;
			buildActionMask = 2147483647;
			files = (
				45FDF791A200AA474CA22B50 /* Pods_CosmonautApp_CosmonautAppUITests.framework in Frameworks */,
			);
			runOnlyForDeploymentPostprocessing = 0;
		};
		E8B80B0220F17A9E0D40275D /* Frameworks */ = {
			isa = PBXFrameworksBuildPhase;
			buildActionMask = 2147483647;
			files = (
				FFFFCD77263DC35F659CAD97 /* ISSCosmonaut.framework in Frameworks */,
				7A5867161CC2AEA6E506ABEA /* ISSSpacesuit.framework in Frameworks */,
				7A90963B57E836A22C838F86 /* ISSScaffold.framework in Frameworks */,
				D0B61591F2964EB647BAEC13 /* ISSSpacesuitService.framework in Frameworks */,
				C7C7A5ABEC3B4F65CF821850 /* ISSCosmonautService.framework in Frameworks */,
				AF528906823BFEA7433564FE /* ISSOverviewService.framework in Frameworks */,
				9A1BC05FA7CE9DF655BB1E90 /* ISSNetwork.framework in Frameworks */,
				E942DE60F07A58F6CA9B3379 /* ISSRadio.framework in Frameworks */,
				B93391AEE475097669DBEFDD /* ISSPersistence.framework in Frameworks */,
				017A2D0AFD4865FC138E3C71 /* ISSUIComponents.framework in Frameworks */,
				A9889B08C1908A92E3A88260 /* Pods_CosmonautApp.framework in Frameworks */,
			);
			runOnlyForDeploymentPostprocessing = 0;
		};
		F7CFC88937AB724D4583DC04 /* Frameworks */ = {
			isa = PBXFrameworksBuildPhase;
			buildActionMask = 2147483647;
			files = (
				190C56802E4D514ACA5F8228 /* Pods_CosmonautAppTests.framework in Frameworks */,
			);
			runOnlyForDeploymentPostprocessing = 0;
		};
/* End PBXFrameworksBuildPhase section */

/* Begin PBXGroup section */
		1013836399F12F28C4848527 /* CosmonautAppTests */ = {
			isa = PBXGroup;
			children = (
				D8B51CA7ED7BBE5903F8BA53 /* CosmonautTests.swift */,
				5B1B146B8E4828F7563ADA11 /* Info.plist */,
			);
			path = CosmonautAppTests;
			sourceTree = "<group>";
		};
		11239E196FA9B2F94EBAF235 /* CosmonautAppUITests */ = {
			isa = PBXGroup;
			children = (
				38259F4709C80503445F4D37 /* CosmonautUITests.swift */,
				58807E0367BFDDA7D55A69CF /* Info.plist */,
			);
			path = CosmonautAppUITests;
			sourceTree = "<group>";
		};
		2DF48D176028CA57B9F65C3F /* Products */ = {
			isa = PBXGroup;
			children = (
				1BAE7198D5BDE7890A48A3D8 /* CosmonautApp.app */,
				4CBD3193CE64BD9F7A081FBE /* CosmonautAppTests.xctest */,
				134A613180FC3BAB71EA94A4 /* CosmonautAppUITests.xctest */,
			);
			name = Products;
			sourceTree = "<group>";
		};
		5B90E3817BF9E171C051A2D2 /* Pods */ = {
			isa = PBXGroup;
			children = (
				5AB95DB279A1107990B51779 /* Pods-CosmonautApp.debug.xcconfig */,
				F22596C99BAC0F86EEB9653E /* Pods-CosmonautApp.release.xcconfig */,
				3F7C9561A3C655C56D7D4E72 /* Pods-CosmonautApp-CosmonautAppUITests.debug.xcconfig */,
				E04EC8C6E982ACC52EE5F270 /* Pods-CosmonautApp-CosmonautAppUITests.release.xcconfig */,
				FD260E4F96D861C4C48E0974 /* Pods-CosmonautAppTests.debug.xcconfig */,
				943A3798E3FA88F38D24D2BC /* Pods-CosmonautAppTests.release.xcconfig */,
			);
			name = Pods;
			path = Pods;
			sourceTree = "<group>";
		};
		81CB5DF10728B4D1B54263DE /* Frameworks */ = {
			isa = PBXGroup;
			children = (
				DCFBED01279744697D221950 /* ISSCosmonaut.framework */,
				F518FB14E58E4E9FAF345E54 /* ISSCosmonautService.framework */,
				90F139269B7890A99DE11B98 /* ISSNetwork.framework */,
				1CC38FBF0741A393735D421A /* ISSOverviewService.framework */,
				1A8AD551936E2F19C0BC0C3F /* ISSPersistence.framework */,
				40A707BDCFB6E193CB5A9517 /* ISSRadio.framework */,
				5A0C7DE05B53DF8B92DBB24F /* ISSScaffold.framework */,
				FE0C9E4EF3312DADA811AB58 /* ISSSpacesuit.framework */,
				961A3CA8564AD44B2407659F /* ISSSpacesuitService.framework */,
				5C63E64C51C7FE95EC2DFF7C /* ISSUIComponents.framework */,
				CB22A6124E6E32D56BA5F5FF /* Pods_CosmonautApp.framework */,
				180CBB22DDFDD146EC18B335 /* Pods_CosmonautApp_CosmonautAppUITests.framework */,
				1E301ABF4EA626E4534E58EF /* Pods_CosmonautAppTests.framework */,
			);
			name = Frameworks;
			sourceTree = "<group>";
		};
		A2483B76C978FA8BD02AE097 = {
			isa = PBXGroup;
			children = (
				BB546DF1AB2AB6CE2C148B4B /* CosmonautApp */,
				1013836399F12F28C4848527 /* CosmonautAppTests */,
				11239E196FA9B2F94EBAF235 /* CosmonautAppUITests */,
				81CB5DF10728B4D1B54263DE /* Frameworks */,
				2DF48D176028CA57B9F65C3F /* Products */,
				5B90E3817BF9E171C051A2D2 /* Pods */,
			);
			sourceTree = "<group>";
		};
		BB546DF1AB2AB6CE2C148B4B /* CosmonautApp */ = {
			isa = PBXGroup;
			children = (
				D90B709BF009AC8A1364CE04 /* AppDelegate.swift */,
				9DEFBB7369034D1F7AB5C166 /* Assets.xcassets */,
				554789F1D7B97B3F83A6A548 /* Info.plist */,
				955041E135B3229E51BD8DED /* LaunchScreen.storyboard */,
			);
			path = CosmonautApp;
			sourceTree = "<group>";
		};
/* End PBXGroup section */

/* Begin PBXNativeTarget section */
		2827922078F42206D171EF47 /* CosmonautApp */ = {
			isa = PBXNativeTarget;
			buildConfigurationList = 760A86A93368C993CC1E39F1 /* Build configuration list for PBXNativeTarget "CosmonautApp" */;
			buildPhases = (
				572794DEA3C06B06AB2DF65B /* [CP] Check Pods Manifest.lock */,
				4C307026C7F619F686B6E3F9 /* Sources */,
				2740EA324F0E5C0E50F708A9 /* Resources */,
				E8B80B0220F17A9E0D40275D /* Frameworks */,
				603F7692A91A094ED0B1F730 /* Embed Frameworks */,
				99D89CB023B12FD033D9A493 /* [CP] Embed Pods Frameworks */,
			);
			buildRules = (
			);
			dependencies = (
			);
			name = CosmonautApp;
			productName = CosmonautApp;
			productReference = 1BAE7198D5BDE7890A48A3D8 /* CosmonautApp.app */;
			productType = "com.apple.product-type.application";
		};
		6BAA54407E0394AD2D313EB7 /* CosmonautAppTests */ = {
			isa = PBXNativeTarget;
			buildConfigurationList = 112B63BBEF320A6F4B9D2D24 /* Build configuration list for PBXNativeTarget "CosmonautAppTests" */;
			buildPhases = (
				B4EB68B4F46E950270C4503E /* [CP] Check Pods Manifest.lock */,
				C9324727BD2350BD4BAC7DA5 /* Sources */,
				F7CFC88937AB724D4583DC04 /* Frameworks */,
			);
			buildRules = (
			);
			dependencies = (
				D8C800BCFE5A2B12B9AC5338 /* PBXTargetDependency */,
			);
			name = CosmonautAppTests;
			productName = CosmonautAppTests;
			productReference = 4CBD3193CE64BD9F7A081FBE /* CosmonautAppTests.xctest */;
			productType = "com.apple.product-type.bundle.unit-test";
		};
		73B9DB72C89ED9A97915E79E /* CosmonautAppUITests */ = {
			isa = PBXNativeTarget;
			buildConfigurationList = F51D9C3EC7E57B95C333E8AC /* Build configuration list for PBXNativeTarget "CosmonautAppUITests" */;
			buildPhases = (
				C33B44BCABBCAD446F580CD6 /* [CP] Check Pods Manifest.lock */,
				D070118A795277C94C898E92 /* Sources */,
				B49F92656F116EEA6C015590 /* Frameworks */,
				611E8CE5538BD819AEA8AA28 /* [CP] Embed Pods Frameworks */,
			);
			buildRules = (
			);
			dependencies = (
				FACA543468DA745920AF343D /* PBXTargetDependency */,
			);
			name = CosmonautAppUITests;
			productName = CosmonautAppUITests;
			productReference = 134A613180FC3BAB71EA94A4 /* CosmonautAppUITests.xctest */;
			productType = "com.apple.product-type.bundle.ui-testing";
		};
/* End PBXNativeTarget section */

/* Begin PBXProject section */
		F69D904C19070116D2F258D5 /* Project object */ = {
			isa = PBXProject;
			attributes = {
				LastUpgradeCheck = 1200;
				TargetAttributes = {
					2827922078F42206D171EF47 = {
						ProvisioningStyle = Manual;
					};
					6BAA54407E0394AD2D313EB7 = {
						ProvisioningStyle = Manual;
					};
					73B9DB72C89ED9A97915E79E = {
						ProvisioningStyle = Manual;
						TestTargetID = 2827922078F42206D171EF47;
					};
				};
			};
			buildConfigurationList = E2EFBD3777558ED6BAFAE198 /* Build configuration list for PBXProject "CosmonautApp" */;
			compatibilityVersion = "Xcode 10.0";
			developmentRegion = en;
			hasScannedForEncodings = 0;
			knownRegions = (
				Base,
				en,
			);
			mainGroup = A2483B76C978FA8BD02AE097;
			productRefGroup = 2DF48D176028CA57B9F65C3F /* Products */;
			projectDirPath = "";
			projectRoot = "";
			targets = (
				2827922078F42206D171EF47 /* CosmonautApp */,
				6BAA54407E0394AD2D313EB7 /* CosmonautAppTests */,
				73B9DB72C89ED9A97915E79E /* CosmonautAppUITests */,
			);
		};
/* End PBXProject section */

/* Begin PBXResourcesBuildPhase section */
		2740EA324F0E5C0E50F708A9 /* Resources */ = {
			isa = PBXResourcesBuildPhase;
			buildActionMask = 2147483647;
			files = (
				8BAAADC1D8FC78E4928435DB /* Assets.xcassets in Resources */,
				5BF0EB8AA33ED6D538D1217B /* LaunchScreen.storyboard in Resources */,
			);
			runOnlyForDeploymentPostprocessing = 0;
		};
/* End PBXResourcesBuildPhase section */

/* Begin PBXShellScriptBuildPhase section */
		572794DEA3C06B06AB2DF65B /* [CP] Check Pods Manifest.lock */ = {
			isa = PBXShellScriptBuildPhase;
			buildActionMask = 2147483647;
			files = (
			);
			inputFileListPaths = (
			);
			inputPaths = (
				"${PODS_PODFILE_DIR_PATH}/Podfile.lock",
				"${PODS_ROOT}/Manifest.lock",
			);
			name = "[CP] Check Pods Manifest.lock";
			outputFileListPaths = (
			);
			outputPaths = (
				"$(DERIVED_FILE_DIR)/Pods-CosmonautApp-checkManifestLockResult.txt",
			);
			runOnlyForDeploymentPostprocessing = 0;
			shellPath = /bin/sh;
			shellScript = "diff \"${PODS_PODFILE_DIR_PATH}/Podfile.lock\" \"${PODS_ROOT}/Manifest.lock\" > /dev/null\nif [ $? != 0 ] ; then\n    # print error to STDERR\n    echo \"error: The sandbox is not in sync with the Podfile.lock. Run 'pod install' or update your CocoaPods installation.\" >&2\n    exit 1\nfi\n# This output is used by Xcode 'outputs' to avoid re-running this script phase.\necho \"SUCCESS\" > \"${SCRIPT_OUTPUT_FILE_0}\"\n";
			showEnvVarsInLog = 0;
		};
		611E8CE5538BD819AEA8AA28 /* [CP] Embed Pods Frameworks */ = {
			isa = PBXShellScriptBuildPhase;
			buildActionMask = 2147483647;
			files = (
			);
			inputFileListPaths = (
				"${PODS_ROOT}/Target Support Files/Pods-CosmonautApp-CosmonautAppUITests/Pods-CosmonautApp-CosmonautAppUITests-frameworks-${CONFIGURATION}-input-files.xcfilelist",
			);
			name = "[CP] Embed Pods Frameworks";
			outputFileListPaths = (
				"${PODS_ROOT}/Target Support Files/Pods-CosmonautApp-CosmonautAppUITests/Pods-CosmonautApp-CosmonautAppUITests-frameworks-${CONFIGURATION}-output-files.xcfilelist",
			);
			runOnlyForDeploymentPostprocessing = 0;
			shellPath = /bin/sh;
			shellScript = "\"${PODS_ROOT}/Target Support Files/Pods-CosmonautApp-CosmonautAppUITests/Pods-CosmonautApp-CosmonautAppUITests-frameworks.sh\"\n";
			showEnvVarsInLog = 0;
		};
		99D89CB023B12FD033D9A493 /* [CP] Embed Pods Frameworks */ = {
			isa = PBXShellScriptBuildPhase;
			buildActionMask = 2147483647;
			files = (
			);
			inputFileListPaths = (
				"${PODS_ROOT}/Target Support Files/Pods-CosmonautApp/Pods-CosmonautApp-frameworks-${CONFIGURATION}-input-files.xcfilelist",
			);
			name = "[CP] Embed Pods Frameworks";
			outputFileListPaths = (
				"${PODS_ROOT}/Target Support Files/Pods-CosmonautApp/Pods-CosmonautApp-frameworks-${CONFIGURATION}-output-files.xcfilelist",
			);
			runOnlyForDeploymentPostprocessing = 0;
			shellPath = /bin/sh;
			shellScript = "\"${PODS_ROOT}/Target Support Files/Pods-CosmonautApp/Pods-CosmonautApp-frameworks.sh\"\n";
			showEnvVarsInLog = 0;
		};
		B4EB68B4F46E950270C4503E /* [CP] Check Pods Manifest.lock */ = {
			isa = PBXShellScriptBuildPhase;
			buildActionMask = 2147483647;
			files = (
			);
			inputFileListPaths = (
			);
			inputPaths = (
				"${PODS_PODFILE_DIR_PATH}/Podfile.lock",
				"${PODS_ROOT}/Manifest.lock",
			);
			name = "[CP] Check Pods Manifest.lock";
			outputFileListPaths = (
			);
			outputPaths = (
				"$(DERIVED_FILE_DIR)/Pods-CosmonautAppTests-checkManifestLockResult.txt",
			);
			runOnlyForDeploymentPostprocessing = 0;
			shellPath = /bin/sh;
			shellScript = "diff \"${PODS_PODFILE_DIR_PATH}/Podfile.lock\" \"${PODS_ROOT}/Manifest.lock\" > /dev/null\nif [ $? != 0 ] ; then\n    # print error to STDERR\n    echo \"error: The sandbox is not in sync with the Podfile.lock. Run 'pod install' or update your CocoaPods installation.\" >&2\n    exit 1\nfi\n# This output is used by Xcode 'outputs' to avoid re-running this script phase.\necho \"SUCCESS\" > \"${SCRIPT_OUTPUT_FILE_0}\"\n";
			showEnvVarsInLog = 0;
		};
		C33B44BCABBCAD446F580CD6 /* [CP] Check Pods Manifest.lock */ = {
			isa = PBXShellScriptBuildPhase;
			buildActionMask = 2147483647;
			files = (
			);
			inputFileListPaths = (
			);
			inputPaths = (
				"${PODS_PODFILE_DIR_PATH}/Podfile.lock",
				"${PODS_ROOT}/Manifest.lock",
			);
			name = "[CP] Check Pods Manifest.lock";
			outputFileListPaths = (
			);
			outputPaths = (
				"$(DERIVED_FILE_DIR)/Pods-CosmonautApp-CosmonautAppUITests-checkManifestLockResult.txt",
			);
			runOnlyForDeploymentPostprocessing = 0;
			shellPath = /bin/sh;
			shellScript = "diff \"${PODS_PODFILE_DIR_PATH}/Podfile.lock\" \"${PODS_ROOT}/Manifest.lock\" > /dev/null\nif [ $? != 0 ] ; then\n    # print error to STDERR\n    echo \"error: The sandbox is not in sync with the Podfile.lock. Run 'pod install' or update your CocoaPods installation.\" >&2\n    exit 1\nfi\n# This output is used by Xcode 'outputs' to avoid re-running this script phase.\necho \"SUCCESS\" > \"${SCRIPT_OUTPUT_FILE_0}\"\n";
			showEnvVarsInLog = 0;
		};
/* End PBXShellScriptBuildPhase section */

/* Begin PBXSourcesBuildPhase section */
		4C307026C7F619F686B6E3F9 /* Sources */ = {
			isa = PBXSourcesBuildPhase;
			buildActionMask = 2147483647;
			files = (
				EA0F975FEA998FDF370C4BD7 /* AppDelegate.swift in Sources */,
			);
			runOnlyForDeploymentPostprocessing = 0;
		};
		C9324727BD2350BD4BAC7DA5 /* Sources */ = {
			isa = PBXSourcesBuildPhase;
			buildActionMask = 2147483647;
			files = (
				2F593270A4B9DFFAF2FEABC4 /* CosmonautTests.swift in Sources */,
			);
			runOnlyForDeploymentPostprocessing = 0;
		};
		D070118A795277C94C898E92 /* Sources */ = {
			isa = PBXSourcesBuildPhase;
			buildActionMask = 2147483647;
			files = (
				7F6BE9BE060C93BA18CCCB1D /* CosmonautUITests.swift in Sources */,
			);
			runOnlyForDeploymentPostprocessing = 0;
		};
/* End PBXSourcesBuildPhase section */

/* Begin PBXTargetDependency section */
		D8C800BCFE5A2B12B9AC5338 /* PBXTargetDependency */ = {
			isa = PBXTargetDependency;
			target = 2827922078F42206D171EF47 /* CosmonautApp */;
			targetProxy = 513FFBC6A6EFEC2F5A876978 /* PBXContainerItemProxy */;
		};
		FACA543468DA745920AF343D /* PBXTargetDependency */ = {
			isa = PBXTargetDependency;
			target = 2827922078F42206D171EF47 /* CosmonautApp */;
			targetProxy = C80FCEB2EF27CB461C0A89B4 /* PBXContainerItemProxy */;
		};
/* End PBXTargetDependency section */

/* Begin PBXVariantGroup section */
		955041E135B3229E51BD8DED /* LaunchScreen.storyboard */ = {
			isa = PBXVariantGroup;
			children = (
				1C45AAAA5B1F141DD9ED8931 /* Base */,
			);
			name = LaunchScreen.storyboard;
			sourceTree = "<group>";
		};
/* End PBXVariantGroup section */

/* Begin XCBuildConfiguration section */
		1246C03D5D4EC0ED95B3DFA6 /* Debug */ = {
			isa = XCBuildConfiguration;
			baseConfigurationReference = 3F7C9561A3C655C56D7D4E72 /* Pods-CosmonautApp-CosmonautAppUITests.debug.xcconfig */;
			buildSettings = {
				ALWAYS_EMBED_SWIFT_STANDARD_LIBRARIES = "$(inherited)";
				ALWAYS_SEARCH_USER_PATHS = NO;
				BUNDLE_LOADER = "$(TEST_HOST)";
				CLANG_ENABLE_MODULES = YES;
				CLANG_WARN_DEPRECATED_OBJC_IMPLEMENTATIONS = YES;
				CLANG_WARN_OBJC_IMPLICIT_RETAIN_SELF = YES;
				CODE_SIGN_STYLE = Manual;
				COMPRESS_PNG_FILES = NO;
				CURRENT_PROJECT_VERSION = 1;
				DEBUG_INFORMATION_FORMAT = dwarf;
				DEFINES_MODULE = YES;
				ENABLE_BITCODE = NO;
				ENABLE_TESTABILITY = YES;
				FRAMEWORK_SEARCH_PATHS = "$(inherited)";
				GCC_GENERATE_DEBUGGING_SYMBOLS = YES;
				GCC_INSTRUMENT_PROGRAM_FLOW_ARCS = NO;
				GCC_NO_COMMON_BLOCKS = NO;
				GCC_PRECOMPILE_PREFIX_HEADER = YES;
				HEADER_SEARCH_PATHS = "$(inherited)";
				INFOPLIST_FILE = CosmonautAppUITests/Info.plist;
				IPHONEOS_DEPLOYMENT_TARGET = 13.0;
				LD_RUNPATH_SEARCH_PATHS = (
					"$(inherited)",
					"@executable_path/Frameworks",
				);
				LIBRARY_SEARCH_PATHS = "$(inherited)";
				LLVM_LTO = NO;
				ONLY_ACTIVE_ARCH = YES;
				OTHER_CFLAGS = "$(inherited)";
				OTHER_LDFLAGS = (
					"$(inherited)",
					"-ObjC",
					"-lz",
				);
				OTHER_SWIFT_FLAGS = "$(inherited) -DDEBUG -Xfrontend -debug-time-function-bodies -Xfrontend -warn-long-function-bodies=150 -Xfrontend -warn-long-expression-type-checking=150";
				PRODUCT_BUNDLE_IDENTIFIER = com.iss.CosmonautAppUITests;
				PRODUCT_NAME = "$(TARGET_NAME)";
				SDKROOT = iphoneos;
				SWIFT_COMPILATION_MODE = wholemodule;
				SWIFT_OPTIMIZATION_LEVEL = "-Onone";
				SWIFT_VERSION = 5.0;
				TARGETED_DEVICE_FAMILY = 1;
				TEST_TARGET_NAME = CosmonautApp;
			};
			name = Debug;
		};
		466DDDEA477A9F69641730AB /* Release */ = {
			isa = XCBuildConfiguration;
			buildSettings = {
				ALWAYS_EMBED_SWIFT_STANDARD_LIBRARIES = "$(inherited)";
				ALWAYS_SEARCH_USER_PATHS = NO;
				CLANG_ANALYZER_NONNULL = YES;
				CLANG_ANALYZER_NUMBER_OBJECT_CONVERSION = YES_AGGRESSIVE;
				CLANG_CXX_LANGUAGE_STANDARD = "gnu++14";
				CLANG_CXX_LIBRARY = "libc++";
				CLANG_ENABLE_MODULES = YES;
				CLANG_ENABLE_OBJC_ARC = YES;
				CLANG_ENABLE_OBJC_WEAK = YES;
				CLANG_WARN_BLOCK_CAPTURE_AUTORELEASING = YES;
				CLANG_WARN_BOOL_CONVERSION = YES;
				CLANG_WARN_COMMA = YES;
				CLANG_WARN_CONSTANT_CONVERSION = YES;
				CLANG_WARN_DEPRECATED_OBJC_IMPLEMENTATIONS = YES;
				CLANG_WARN_DIRECT_OBJC_ISA_USAGE = YES_ERROR;
				CLANG_WARN_DOCUMENTATION_COMMENTS = YES;
				CLANG_WARN_EMPTY_BODY = YES;
				CLANG_WARN_ENUM_CONVERSION = YES;
				CLANG_WARN_INFINITE_RECURSION = YES;
				CLANG_WARN_INT_CONVERSION = YES;
				CLANG_WARN_NON_LITERAL_NULL_CONVERSION = YES;
				CLANG_WARN_OBJC_IMPLICIT_RETAIN_SELF = YES;
				CLANG_WARN_OBJC_LITERAL_CONVERSION = YES;
				CLANG_WARN_OBJC_ROOT_CLASS = YES_ERROR;
				CLANG_WARN_QUOTED_INCLUDE_IN_FRAMEWORK_HEADER = YES;
				CLANG_WARN_RANGE_LOOP_ANALYSIS = YES;
				CLANG_WARN_STRICT_PROTOTYPES = YES;
				CLANG_WARN_SUSPICIOUS_MOVE = YES;
				CLANG_WARN_UNGUARDED_AVAILABILITY = YES_AGGRESSIVE;
				CLANG_WARN_UNREACHABLE_CODE = YES;
				CLANG_WARN__DUPLICATE_METHOD_MATCH = YES;
				CODE_SIGN_STYLE = Manual;
				COMPRESS_PNG_FILES = NO;
				COPY_PHASE_STRIP = NO;
				CURRENT_PROJECT_VERSION = 1;
				DEBUG_INFORMATION_FORMAT = "dwarf-with-dsym";
				DEFINES_MODULE = YES;
				ENABLE_BITCODE = NO;
				ENABLE_NS_ASSERTIONS = NO;
				ENABLE_STRICT_OBJC_MSGSEND = YES;
				ENABLE_TESTABILITY = NO;
				FRAMEWORK_SEARCH_PATHS = "$(inherited)";
				GCC_C_LANGUAGE_STANDARD = gnu11;
				GCC_GENERATE_DEBUGGING_SYMBOLS = YES;
				GCC_INSTRUMENT_PROGRAM_FLOW_ARCS = NO;
				GCC_NO_COMMON_BLOCKS = NO;
				GCC_PRECOMPILE_PREFIX_HEADER = YES;
				GCC_WARN_64_TO_32_BIT_CONVERSION = YES;
				GCC_WARN_ABOUT_RETURN_TYPE = YES_ERROR;
				GCC_WARN_UNDECLARED_SELECTOR = YES;
				GCC_WARN_UNINITIALIZED_AUTOS = YES_AGGRESSIVE;
				GCC_WARN_UNUSED_FUNCTION = YES;
				GCC_WARN_UNUSED_VARIABLE = YES;
				HEADER_SEARCH_PATHS = "$(inherited)";
				IPHONEOS_DEPLOYMENT_TARGET = 13.0;
				LD_RUNPATH_SEARCH_PATHS = (
					"$(inherited)",
					"@executable_path/Frameworks",
				);
				LIBRARY_SEARCH_PATHS = "$(inherited)";
				LLVM_LTO = Monolithic;
				MTL_ENABLE_DEBUG_INFO = NO;
				MTL_FAST_MATH = YES;
				ONLY_ACTIVE_ARCH = YES;
				OTHER_CFLAGS = "$(inherited)";
				OTHER_LDFLAGS = "$(inherited)";
				OTHER_SWIFT_FLAGS = "$(inherited) -DRELEASE";
				PRODUCT_NAME = "$(TARGET_NAME)";
				SDKROOT = iphoneos;
				SWIFT_COMPILATION_MODE = wholemodule;
				SWIFT_OPTIMIZATION_LEVEL = "-Owholemodule";
				SWIFT_VERSION = 5.0;
				TARGETED_DEVICE_FAMILY = 1;
			};
			name = Release;
		};
		470D8CC3BF59D48AF3538AC2 /* Release */ = {
			isa = XCBuildConfiguration;
			baseConfigurationReference = F22596C99BAC0F86EEB9653E /* Pods-CosmonautApp.release.xcconfig */;
			buildSettings = {
				ALWAYS_EMBED_SWIFT_STANDARD_LIBRARIES = "$(inherited)";
				ALWAYS_SEARCH_USER_PATHS = NO;
				ASSETCATALOG_COMPILER_APPICON_NAME = AppIcon;
				CLANG_ENABLE_MODULES = YES;
				CLANG_WARN_DEPRECATED_OBJC_IMPLEMENTATIONS = YES;
				CLANG_WARN_OBJC_IMPLICIT_RETAIN_SELF = YES;
				CODE_SIGN_IDENTITY = "iPhone Developer";
				CODE_SIGN_STYLE = Manual;
				COMPRESS_PNG_FILES = NO;
				CURRENT_PROJECT_VERSION = 1;
				DEBUG_INFORMATION_FORMAT = "dwarf-with-dsym";
				DEFINES_MODULE = YES;
				ENABLE_BITCODE = NO;
				ENABLE_TESTABILITY = NO;
				FRAMEWORK_SEARCH_PATHS = "$(inherited)";
				GCC_GENERATE_DEBUGGING_SYMBOLS = YES;
				GCC_INSTRUMENT_PROGRAM_FLOW_ARCS = NO;
				GCC_NO_COMMON_BLOCKS = NO;
				GCC_PRECOMPILE_PREFIX_HEADER = YES;
				HEADER_SEARCH_PATHS = "$(inherited)";
				INFOPLIST_FILE = CosmonautApp/Info.plist;
				IPHONEOS_DEPLOYMENT_TARGET = 13.0;
				LD_RUNPATH_SEARCH_PATHS = (
					"$(inherited)",
					"@executable_path/Frameworks",
				);
				LIBRARY_SEARCH_PATHS = "$(inherited)";
				LLVM_LTO = Monolithic;
				ONLY_ACTIVE_ARCH = YES;
				OTHER_CFLAGS = "$(inherited)";
				OTHER_LDFLAGS = "$(inherited)";
				OTHER_SWIFT_FLAGS = "$(inherited) -DRELEASE";
				PRODUCT_BUNDLE_IDENTIFIER = com.iss.CosmonautApp;
				PRODUCT_NAME = "$(TARGET_NAME)";
				SDKROOT = iphoneos;
				SWIFT_COMPILATION_MODE = wholemodule;
				SWIFT_OPTIMIZATION_LEVEL = "-Owholemodule";
				SWIFT_VERSION = 5.0;
				TARGETED_DEVICE_FAMILY = 1;
			};
			name = Release;
		};
		6E45EE083D64C855330CDCA9 /* Debug */ = {
			isa = XCBuildConfiguration;
			buildSettings = {
				ALWAYS_EMBED_SWIFT_STANDARD_LIBRARIES = "$(inherited)";
				ALWAYS_SEARCH_USER_PATHS = NO;
				CLANG_ANALYZER_NONNULL = YES;
				CLANG_ANALYZER_NUMBER_OBJECT_CONVERSION = YES_AGGRESSIVE;
				CLANG_CXX_LANGUAGE_STANDARD = "gnu++14";
				CLANG_CXX_LIBRARY = "libc++";
				CLANG_ENABLE_MODULES = YES;
				CLANG_ENABLE_OBJC_ARC = YES;
				CLANG_ENABLE_OBJC_WEAK = YES;
				CLANG_WARN_BLOCK_CAPTURE_AUTORELEASING = YES;
				CLANG_WARN_BOOL_CONVERSION = YES;
				CLANG_WARN_COMMA = YES;
				CLANG_WARN_CONSTANT_CONVERSION = YES;
				CLANG_WARN_DEPRECATED_OBJC_IMPLEMENTATIONS = YES;
				CLANG_WARN_DIRECT_OBJC_ISA_USAGE = YES_ERROR;
				CLANG_WARN_DOCUMENTATION_COMMENTS = YES;
				CLANG_WARN_EMPTY_BODY = YES;
				CLANG_WARN_ENUM_CONVERSION = YES;
				CLANG_WARN_INFINITE_RECURSION = YES;
				CLANG_WARN_INT_CONVERSION = YES;
				CLANG_WARN_NON_LITERAL_NULL_CONVERSION = YES;
				CLANG_WARN_OBJC_IMPLICIT_RETAIN_SELF = YES;
				CLANG_WARN_OBJC_LITERAL_CONVERSION = YES;
				CLANG_WARN_OBJC_ROOT_CLASS = YES_ERROR;
				CLANG_WARN_QUOTED_INCLUDE_IN_FRAMEWORK_HEADER = YES;
				CLANG_WARN_RANGE_LOOP_ANALYSIS = YES;
				CLANG_WARN_STRICT_PROTOTYPES = YES;
				CLANG_WARN_SUSPICIOUS_MOVE = YES;
				CLANG_WARN_UNGUARDED_AVAILABILITY = YES_AGGRESSIVE;
				CLANG_WARN_UNREACHABLE_CODE = YES;
				CLANG_WARN__DUPLICATE_METHOD_MATCH = YES;
				CODE_SIGN_STYLE = Manual;
				COMPRESS_PNG_FILES = NO;
				COPY_PHASE_STRIP = NO;
				CURRENT_PROJECT_VERSION = 1;
				DEBUG_INFORMATION_FORMAT = dwarf;
				DEFINES_MODULE = YES;
				ENABLE_BITCODE = NO;
				ENABLE_STRICT_OBJC_MSGSEND = YES;
				ENABLE_TESTABILITY = YES;
				FRAMEWORK_SEARCH_PATHS = "$(inherited)";
				GCC_C_LANGUAGE_STANDARD = gnu11;
				GCC_DYNAMIC_NO_PIC = NO;
				GCC_GENERATE_DEBUGGING_SYMBOLS = YES;
				GCC_INSTRUMENT_PROGRAM_FLOW_ARCS = NO;
				GCC_NO_COMMON_BLOCKS = NO;
				GCC_OPTIMIZATION_LEVEL = 0;
				GCC_PRECOMPILE_PREFIX_HEADER = YES;
				GCC_PREPROCESSOR_DEFINITIONS = (
					"$(inherited)",
					"DEBUG=1",
				);
				GCC_WARN_64_TO_32_BIT_CONVERSION = YES;
				GCC_WARN_ABOUT_RETURN_TYPE = YES_ERROR;
				GCC_WARN_UNDECLARED_SELECTOR = YES;
				GCC_WARN_UNINITIALIZED_AUTOS = YES_AGGRESSIVE;
				GCC_WARN_UNUSED_FUNCTION = YES;
				GCC_WARN_UNUSED_VARIABLE = YES;
				HEADER_SEARCH_PATHS = "$(inherited)";
				IPHONEOS_DEPLOYMENT_TARGET = 13.0;
				LD_RUNPATH_SEARCH_PATHS = (
					"$(inherited)",
					"@executable_path/Frameworks",
				);
				LIBRARY_SEARCH_PATHS = "$(inherited)";
				LLVM_LTO = NO;
				MTL_ENABLE_DEBUG_INFO = INCLUDE_SOURCE;
				MTL_FAST_MATH = YES;
				ONLY_ACTIVE_ARCH = YES;
				OTHER_CFLAGS = "$(inherited)";
				OTHER_LDFLAGS = (
					"$(inherited)",
					"-ObjC",
					"-lz",
				);
				OTHER_SWIFT_FLAGS = "$(inherited) -DDEBUG -Xfrontend -debug-time-function-bodies -Xfrontend -warn-long-function-bodies=150 -Xfrontend -warn-long-expression-type-checking=150";
				PRODUCT_NAME = "$(TARGET_NAME)";
				SDKROOT = iphoneos;
				SWIFT_ACTIVE_COMPILATION_CONDITIONS = DEBUG;
				SWIFT_COMPILATION_MODE = wholemodule;
				SWIFT_OPTIMIZATION_LEVEL = "-Onone";
				SWIFT_VERSION = 5.0;
				TARGETED_DEVICE_FAMILY = 1;
			};
			name = Debug;
		};
		81D3E991B111E57A82DC10A3 /* Release */ = {
			isa = XCBuildConfiguration;
			baseConfigurationReference = E04EC8C6E982ACC52EE5F270 /* Pods-CosmonautApp-CosmonautAppUITests.release.xcconfig */;
			buildSettings = {
				ALWAYS_EMBED_SWIFT_STANDARD_LIBRARIES = "$(inherited)";
				ALWAYS_SEARCH_USER_PATHS = NO;
				BUNDLE_LOADER = "$(TEST_HOST)";
				CLANG_ENABLE_MODULES = YES;
				CLANG_WARN_DEPRECATED_OBJC_IMPLEMENTATIONS = YES;
				CLANG_WARN_OBJC_IMPLICIT_RETAIN_SELF = YES;
				CODE_SIGN_STYLE = Manual;
				COMPRESS_PNG_FILES = NO;
				CURRENT_PROJECT_VERSION = 1;
				DEBUG_INFORMATION_FORMAT = "dwarf-with-dsym";
				DEFINES_MODULE = YES;
				ENABLE_BITCODE = NO;
				ENABLE_TESTABILITY = NO;
				FRAMEWORK_SEARCH_PATHS = "$(inherited)";
				GCC_GENERATE_DEBUGGING_SYMBOLS = YES;
				GCC_INSTRUMENT_PROGRAM_FLOW_ARCS = NO;
				GCC_NO_COMMON_BLOCKS = NO;
				GCC_PRECOMPILE_PREFIX_HEADER = YES;
				HEADER_SEARCH_PATHS = "$(inherited)";
				INFOPLIST_FILE = CosmonautAppUITests/Info.plist;
				IPHONEOS_DEPLOYMENT_TARGET = 13.0;
				LD_RUNPATH_SEARCH_PATHS = (
					"$(inherited)",
					"@executable_path/Frameworks",
				);
				LIBRARY_SEARCH_PATHS = "$(inherited)";
				LLVM_LTO = Monolithic;
				ONLY_ACTIVE_ARCH = YES;
				OTHER_CFLAGS = "$(inherited)";
				OTHER_LDFLAGS = "$(inherited)";
				OTHER_SWIFT_FLAGS = "$(inherited) -DRELEASE";
				PRODUCT_BUNDLE_IDENTIFIER = com.iss.CosmonautAppUITests;
				PRODUCT_NAME = "$(TARGET_NAME)";
				SDKROOT = iphoneos;
				SWIFT_COMPILATION_MODE = wholemodule;
				SWIFT_OPTIMIZATION_LEVEL = "-Owholemodule";
				SWIFT_VERSION = 5.0;
				TARGETED_DEVICE_FAMILY = 1;
				TEST_TARGET_NAME = CosmonautApp;
			};
			name = Release;
		};
		88DFE918A76CBC343976B56C /* Debug */ = {
			isa = XCBuildConfiguration;
			baseConfigurationReference = 5AB95DB279A1107990B51779 /* Pods-CosmonautApp.debug.xcconfig */;
			buildSettings = {
				ALWAYS_EMBED_SWIFT_STANDARD_LIBRARIES = "$(inherited)";
				ALWAYS_SEARCH_USER_PATHS = NO;
				ASSETCATALOG_COMPILER_APPICON_NAME = AppIcon;
				CLANG_ENABLE_MODULES = YES;
				CLANG_WARN_DEPRECATED_OBJC_IMPLEMENTATIONS = YES;
				CLANG_WARN_OBJC_IMPLICIT_RETAIN_SELF = YES;
				CODE_SIGN_IDENTITY = "iPhone Developer";
				CODE_SIGN_STYLE = Manual;
				COMPRESS_PNG_FILES = NO;
				CURRENT_PROJECT_VERSION = 1;
				DEBUG_INFORMATION_FORMAT = dwarf;
				DEFINES_MODULE = YES;
				ENABLE_BITCODE = NO;
				ENABLE_TESTABILITY = YES;
				FRAMEWORK_SEARCH_PATHS = "$(inherited)";
				GCC_GENERATE_DEBUGGING_SYMBOLS = YES;
				GCC_INSTRUMENT_PROGRAM_FLOW_ARCS = NO;
				GCC_NO_COMMON_BLOCKS = NO;
				GCC_PRECOMPILE_PREFIX_HEADER = YES;
				HEADER_SEARCH_PATHS = "$(inherited)";
				INFOPLIST_FILE = CosmonautApp/Info.plist;
				IPHONEOS_DEPLOYMENT_TARGET = 13.0;
				LD_RUNPATH_SEARCH_PATHS = (
					"$(inherited)",
					"@executable_path/Frameworks",
				);
				LIBRARY_SEARCH_PATHS = "$(inherited)";
				LLVM_LTO = NO;
				ONLY_ACTIVE_ARCH = YES;
				OTHER_CFLAGS = "$(inherited)";
				OTHER_LDFLAGS = (
					"$(inherited)",
					"-ObjC",
					"-lz",
				);
				OTHER_SWIFT_FLAGS = "$(inherited) -DDEBUG -Xfrontend -debug-time-function-bodies -Xfrontend -warn-long-function-bodies=150 -Xfrontend -warn-long-expression-type-checking=150";
				PRODUCT_BUNDLE_IDENTIFIER = com.iss.CosmonautApp;
				PRODUCT_NAME = "$(TARGET_NAME)";
				SDKROOT = iphoneos;
				SWIFT_COMPILATION_MODE = wholemodule;
				SWIFT_OPTIMIZATION_LEVEL = "-Onone";
				SWIFT_VERSION = 5.0;
				TARGETED_DEVICE_FAMILY = 1;
			};
			name = Debug;
		};
		98E8C758AF6E98F816333C31 /* Debug */ = {
			isa = XCBuildConfiguration;
			baseConfigurationReference = FD260E4F96D861C4C48E0974 /* Pods-CosmonautAppTests.debug.xcconfig */;
			buildSettings = {
				BUNDLE_LOADER = "$(TEST_HOST)";
				INFOPLIST_FILE = CosmonautAppTests/Info.plist;
				LD_RUNPATH_SEARCH_PATHS = (
					"$(inherited)",
					"@executable_path/Frameworks",
					"@loader_path/Frameworks",
				);
				PRODUCT_BUNDLE_IDENTIFIER = com.iss.CosmonautAppTests;
				SDKROOT = iphoneos;
				TARGETED_DEVICE_FAMILY = "1,2";
				TEST_HOST = "$(BUILT_PRODUCTS_DIR)/Cosmonaut.app/Cosmonaut";
			};
			name = Debug;
		};
		E51898D7242884BBACC87294 /* Release */ = {
			isa = XCBuildConfiguration;
			baseConfigurationReference = 943A3798E3FA88F38D24D2BC /* Pods-CosmonautAppTests.release.xcconfig */;
			buildSettings = {
				BUNDLE_LOADER = "$(TEST_HOST)";
				INFOPLIST_FILE = CosmonautAppTests/Info.plist;
				LD_RUNPATH_SEARCH_PATHS = (
					"$(inherited)",
					"@executable_path/Frameworks",
					"@loader_path/Frameworks",
				);
				PRODUCT_BUNDLE_IDENTIFIER = com.iss.CosmonautAppTests;
				SDKROOT = iphoneos;
				TARGETED_DEVICE_FAMILY = "1,2";
				TEST_HOST = "$(BUILT_PRODUCTS_DIR)/Cosmonaut.app/Cosmonaut";
			};
			name = Release;
		};
/* End XCBuildConfiguration section */

/* Begin XCConfigurationList section */
		112B63BBEF320A6F4B9D2D24 /* Build configuration list for PBXNativeTarget "CosmonautAppTests" */ = {
			isa = XCConfigurationList;
			buildConfigurations = (
				98E8C758AF6E98F816333C31 /* Debug */,
				E51898D7242884BBACC87294 /* Release */,
			);
			defaultConfigurationIsVisible = 0;
			defaultConfigurationName = Debug;
		};
		760A86A93368C993CC1E39F1 /* Build configuration list for PBXNativeTarget "CosmonautApp" */ = {
			isa = XCConfigurationList;
			buildConfigurations = (
				88DFE918A76CBC343976B56C /* Debug */,
				470D8CC3BF59D48AF3538AC2 /* Release */,
			);
			defaultConfigurationIsVisible = 0;
			defaultConfigurationName = Debug;
		};
		E2EFBD3777558ED6BAFAE198 /* Build configuration list for PBXProject "CosmonautApp" */ = {
			isa = XCConfigurationList;
			buildConfigurations = (
				6E45EE083D64C855330CDCA9 /* Debug */,
				466DDDEA477A9F69641730AB /* Release */,
			);
			defaultConfigurationIsVisible = 0;
			defaultConfigurationName = Debug;
		};
		F51D9C3EC7E57B95C333E8AC /* Build configuration list for PBXNativeTarget "CosmonautAppUITests" */ = {
			isa = XCConfigurationList;
			buildConfigurations = (
				1246C03D5D4EC0ED95B3DFA6 /* Debug */,
				81D3E991B111E57A82DC10A3 /* Release */,
			);
			defaultConfigurationIsVisible = 0;
			defaultConfigurationName = Debug;
		};
/* End XCConfigurationList section */
	};
	rootObject = F69D904C19070116D2F258D5 /* Project object */;
}
