// !$*UTF8*$!
{
	archiveVersion = 1;
	classes = {
	};
	objectVersion = 51;
	objects = {

/* Begin PBXBuildFile section */
		080E902E17EAF8735788C04A /* CosmonautHealth.swift in Sources */ = {isa = PBXBuildFile; fileRef = 3C6E757A05EC009659BD300F /* CosmonautHealth.swift */; };
		1A2CD195E84735F4ABAF2DE6 /* HealthMeasures.swift in Sources */ = {isa = PBXBuildFile; fileRef = AE0DBEEBA0D106FAF0985F60 /* HealthMeasures.swift */; };
		256B3674F316DAB315A01136 /* CosmonautService.swift in Sources */ = {isa = PBXBuildFile; fileRef = D610999FE6DE424092256896 /* CosmonautService.swift */; };
		3AA5A22800E0082AB18A7E97 /* ISSCosmonautService.framework in Embed Frameworks */ = {isa = PBXBuildFile; fileRef = 80C81C545D3C08A6D0A26A37 /* ISSCosmonautService.framework */; settings = {ATTRIBUTES = (CodeSignOnCopy, RemoveHeadersOnCopy, ); }; };
		6272EA9DBC6419CD38F745C1 /* ISSNetwork.framework in Frameworks */ = {isa = PBXBuildFile; fileRef = 572FFB98164BCCED35C725B9 /* ISSNetwork.framework */; };
		7B1C71C2B25663DCAF564ED1 /* ISSCosmonautService.framework in Frameworks */ = {isa = PBXBuildFile; fileRef = 80C81C545D3C08A6D0A26A37 /* ISSCosmonautService.framework */; };
		7C28E72572B48732B251E2E9 /* ISSPersistence.framework in Frameworks */ = {isa = PBXBuildFile; fileRef = C918B39804A62DEB2684B3C0 /* ISSPersistence.framework */; };
		9527451C1F0D7884ABBBB5D0 /* ISSCosmonautService.h in Headers */ = {isa = PBXBuildFile; fileRef = D8A07DCACEBA940B2894D381 /* ISSCosmonautService.h */; settings = {ATTRIBUTES = (Public, ); }; };
		BDFA4A9BDAFA4145FE82BC2B /* CosmonautServiceTests.swift in Sources */ = {isa = PBXBuildFile; fileRef = 59D53BE35C7F8C30A847833C /* CosmonautServiceTests.swift */; };
		DF314CE5C15F0AAC349AD154 /* Pods_ISSCosmonautService.framework in Frameworks */ = {isa = PBXBuildFile; fileRef = 86E1D17F2B1F15566760CE59 /* Pods_ISSCosmonautService.framework */; };
		F899CAEF211D56233A3921C0 /* ISSUIComponents.framework in Frameworks */ = {isa = PBXBuildFile; fileRef = 48260165E7AB5504EF3FEDAF /* ISSUIComponents.framework */; };
/* End PBXBuildFile section */

/* Begin PBXContainerItemProxy section */
		D5BB7A77D01EBBD113C2C7B7 /* PBXContainerItemProxy */ = {
			isa = PBXContainerItemProxy;
			containerPortal = 986BD9253EF9E43D97CF837E /* Project object */;
			proxyType = 1;
			remoteGlobalIDString = F3D608511698F2556404F3E6;
			remoteInfo = ISSCosmonautService;
		};
/* End PBXContainerItemProxy section */

/* Begin PBXCopyFilesBuildPhase section */
		2485E18BCD8613CE9E15CD0D /* Embed Frameworks */ = {
			isa = PBXCopyFilesBuildPhase;
			buildActionMask = 2147483647;
			dstPath = "";
			dstSubfolderSpec = 10;
			files = (
				3AA5A22800E0082AB18A7E97 /* ISSCosmonautService.framework in Embed Frameworks */,
			);
			name = "Embed Frameworks";
			runOnlyForDeploymentPostprocessing = 0;
		};
/* End PBXCopyFilesBuildPhase section */

/* Begin PBXFileReference section */
		0F3B8825773971965AA13A5C /* CosmonautServiceTests.xctest */ = {isa = PBXFileReference; includeInIndex = 0; lastKnownFileType = wrapper.cfbundle; path = CosmonautServiceTests.xctest; sourceTree = BUILT_PRODUCTS_DIR; };
		1F86568D3DA3F922DBFD259F /* Info.plist */ = {isa = PBXFileReference; lastKnownFileType = text.plist; path = Info.plist; sourceTree = "<group>"; };
		3C6E757A05EC009659BD300F /* CosmonautHealth.swift */ = {isa = PBXFileReference; lastKnownFileType = sourcecode.swift; path = CosmonautHealth.swift; sourceTree = "<group>"; };
		48260165E7AB5504EF3FEDAF /* ISSUIComponents.framework */ = {isa = PBXFileReference; lastKnownFileType = wrapper.framework; path = ISSUIComponents.framework; sourceTree = BUILT_PRODUCTS_DIR; };
		48DDB95809B044E91DE5E43F /* Pods-ISSCosmonautService.release.xcconfig */ = {isa = PBXFileReference; includeInIndex = 1; lastKnownFileType = text.xcconfig; name = "Pods-ISSCosmonautService.release.xcconfig"; path = "Target Support Files/Pods-ISSCosmonautService/Pods-ISSCosmonautService.release.xcconfig"; sourceTree = "<group>"; };
		572FFB98164BCCED35C725B9 /* ISSNetwork.framework */ = {isa = PBXFileReference; lastKnownFileType = wrapper.framework; path = ISSNetwork.framework; sourceTree = BUILT_PRODUCTS_DIR; };
		59D53BE35C7F8C30A847833C /* CosmonautServiceTests.swift */ = {isa = PBXFileReference; lastKnownFileType = sourcecode.swift; path = CosmonautServiceTests.swift; sourceTree = "<group>"; };
		80C81C545D3C08A6D0A26A37 /* ISSCosmonautService.framework */ = {isa = PBXFileReference; explicitFileType = wrapper.framework; includeInIndex = 0; path = ISSCosmonautService.framework; sourceTree = BUILT_PRODUCTS_DIR; };
		818527A4B7B3B87FCD0F3B98 /* Pods-ISSCosmonautService.debug.xcconfig */ = {isa = PBXFileReference; includeInIndex = 1; lastKnownFileType = text.xcconfig; name = "Pods-ISSCosmonautService.debug.xcconfig"; path = "Target Support Files/Pods-ISSCosmonautService/Pods-ISSCosmonautService.debug.xcconfig"; sourceTree = "<group>"; };
		86E1D17F2B1F15566760CE59 /* Pods_ISSCosmonautService.framework */ = {isa = PBXFileReference; explicitFileType = wrapper.framework; includeInIndex = 0; path = Pods_ISSCosmonautService.framework; sourceTree = BUILT_PRODUCTS_DIR; };
		92BFCB3E0C8B7DBF2F60EF6F /* Info.plist */ = {isa = PBXFileReference; lastKnownFileType = text.plist; path = Info.plist; sourceTree = "<group>"; };
		AE0DBEEBA0D106FAF0985F60 /* HealthMeasures.swift */ = {isa = PBXFileReference; lastKnownFileType = sourcecode.swift; path = HealthMeasures.swift; sourceTree = "<group>"; };
		C918B39804A62DEB2684B3C0 /* ISSPersistence.framework */ = {isa = PBXFileReference; lastKnownFileType = wrapper.framework; path = ISSPersistence.framework; sourceTree = BUILT_PRODUCTS_DIR; };
		D610999FE6DE424092256896 /* CosmonautService.swift */ = {isa = PBXFileReference; lastKnownFileType = sourcecode.swift; path = CosmonautService.swift; sourceTree = "<group>"; };
		D8A07DCACEBA940B2894D381 /* ISSCosmonautService.h */ = {isa = PBXFileReference; lastKnownFileType = sourcecode.c.h; path = ISSCosmonautService.h; sourceTree = "<group>"; };
/* End PBXFileReference section */

/* Begin PBXFrameworksBuildPhase section */
		08E4C01D6DD4B2F9B5B5A6AB /* Frameworks */ = {
			isa = PBXFrameworksBuildPhase;
			buildActionMask = 2147483647;
			files = (
				7B1C71C2B25663DCAF564ED1 /* ISSCosmonautService.framework in Frameworks */,
			);
			runOnlyForDeploymentPostprocessing = 0;
		};
		959E2954E0D7B5691DC97475 /* Frameworks */ = {
			isa = PBXFrameworksBuildPhase;
			buildActionMask = 2147483647;
			files = (
				7C28E72572B48732B251E2E9 /* ISSPersistence.framework in Frameworks */,
				6272EA9DBC6419CD38F745C1 /* ISSNetwork.framework in Frameworks */,
				F899CAEF211D56233A3921C0 /* ISSUIComponents.framework in Frameworks */,
				DF314CE5C15F0AAC349AD154 /* Pods_ISSCosmonautService.framework in Frameworks */,
			);
			runOnlyForDeploymentPostprocessing = 0;
		};
/* End PBXFrameworksBuildPhase section */

/* Begin PBXGroup section */
		391689AFC245ACC445113F1F /* Frameworks */ = {
			isa = PBXGroup;
			children = (
				572FFB98164BCCED35C725B9 /* ISSNetwork.framework */,
				C918B39804A62DEB2684B3C0 /* ISSPersistence.framework */,
				48260165E7AB5504EF3FEDAF /* ISSUIComponents.framework */,
				86E1D17F2B1F15566760CE59 /* Pods_ISSCosmonautService.framework */,
			);
			name = Frameworks;
			sourceTree = "<group>";
		};
		519557BA29F7AED09FDFA6FD /* CosmonautService */ = {
			isa = PBXGroup;
			children = (
				D610999FE6DE424092256896 /* CosmonautService.swift */,
				1F86568D3DA3F922DBFD259F /* Info.plist */,
				D8A07DCACEBA940B2894D381 /* ISSCosmonautService.h */,
				CF9135EF7A1D5E8A91DF0554 /* Models */,
			);
			path = CosmonautService;
			sourceTree = "<group>";
		};
		5476FC9B968ABFA0813B5274 /* Products */ = {
			isa = PBXGroup;
			children = (
				0F3B8825773971965AA13A5C /* CosmonautServiceTests.xctest */,
				80C81C545D3C08A6D0A26A37 /* ISSCosmonautService.framework */,
			);
			name = Products;
			sourceTree = "<group>";
		};
		96529E2AE5D01C2E0AEA0A38 /* CosmonautServiceTests */ = {
			isa = PBXGroup;
			children = (
				59D53BE35C7F8C30A847833C /* CosmonautServiceTests.swift */,
				92BFCB3E0C8B7DBF2F60EF6F /* Info.plist */,
			);
			path = CosmonautServiceTests;
			sourceTree = "<group>";
		};
		C814D10A3BBD53D8713B627A = {
			isa = PBXGroup;
			children = (
				519557BA29F7AED09FDFA6FD /* CosmonautService */,
				96529E2AE5D01C2E0AEA0A38 /* CosmonautServiceTests */,
				391689AFC245ACC445113F1F /* Frameworks */,
				5476FC9B968ABFA0813B5274 /* Products */,
				ECF92D5EBFD30B6DBF66A30B /* Pods */,
			);
			sourceTree = "<group>";
		};
		CF9135EF7A1D5E8A91DF0554 /* Models */ = {
			isa = PBXGroup;
			children = (
				3C6E757A05EC009659BD300F /* CosmonautHealth.swift */,
				AE0DBEEBA0D106FAF0985F60 /* HealthMeasures.swift */,
			);
			path = Models;
			sourceTree = "<group>";
		};
		ECF92D5EBFD30B6DBF66A30B /* Pods */ = {
			isa = PBXGroup;
			children = (
				818527A4B7B3B87FCD0F3B98 /* Pods-ISSCosmonautService.debug.xcconfig */,
				48DDB95809B044E91DE5E43F /* Pods-ISSCosmonautService.release.xcconfig */,
			);
			name = Pods;
			path = ../../app/Cosmonaut/Pods;
			sourceTree = "<group>";
		};
/* End PBXGroup section */

/* Begin PBXHeadersBuildPhase section */
		125D33BE61A352ABAE9234C8 /* Headers */ = {
			isa = PBXHeadersBuildPhase;
			buildActionMask = 2147483647;
			files = (
				9527451C1F0D7884ABBBB5D0 /* ISSCosmonautService.h in Headers */,
			);
			runOnlyForDeploymentPostprocessing = 0;
		};
/* End PBXHeadersBuildPhase section */

/* Begin PBXNativeTarget section */
		C596C54D33E1AD5896BED358 /* CosmonautServiceTests */ = {
			isa = PBXNativeTarget;
			buildConfigurationList = 7627A976B85CC72909901087 /* Build configuration list for PBXNativeTarget "CosmonautServiceTests" */;
			buildPhases = (
				194BD94CC87AEC6F1BC297B4 /* Sources */,
				08E4C01D6DD4B2F9B5B5A6AB /* Frameworks */,
				2485E18BCD8613CE9E15CD0D /* Embed Frameworks */,
			);
			buildRules = (
			);
			dependencies = (
				6DCC83C7F7250009F5D144DC /* PBXTargetDependency */,
			);
			name = CosmonautServiceTests;
			productName = CosmonautServiceTests;
			productReference = 0F3B8825773971965AA13A5C /* CosmonautServiceTests.xctest */;
			productType = "com.apple.product-type.bundle.unit-test";
		};
		F3D608511698F2556404F3E6 /* ISSCosmonautService */ = {
			isa = PBXNativeTarget;
			buildConfigurationList = 9E8976A87BA2A7D28626DC44 /* Build configuration list for PBXNativeTarget "ISSCosmonautService" */;
			buildPhases = (
				D2DA106CACFB5978BDD2E013 /* [CP] Check Pods Manifest.lock */,
				125D33BE61A352ABAE9234C8 /* Headers */,
				47F2F9AF847728010F68E31A /* Sources */,
				959E2954E0D7B5691DC97475 /* Frameworks */,
			);
			buildRules = (
			);
			dependencies = (
			);
			name = ISSCosmonautService;
			productName = ISSCosmonautService;
			productReference = 80C81C545D3C08A6D0A26A37 /* ISSCosmonautService.framework */;
			productType = "com.apple.product-type.framework";
		};
/* End PBXNativeTarget section */

/* Begin PBXProject section */
		986BD9253EF9E43D97CF837E /* Project object */ = {
			isa = PBXProject;
			attributes = {
				LastUpgradeCheck = 1200;
				TargetAttributes = {
					C596C54D33E1AD5896BED358 = {
						ProvisioningStyle = Manual;
					};
					F3D608511698F2556404F3E6 = {
						ProvisioningStyle = Manual;
					};
				};
			};
			buildConfigurationList = E8F5331054F70D28AA765A3F /* Build configuration list for PBXProject "CosmonautService" */;
			compatibilityVersion = "Xcode 10.0";
			developmentRegion = en;
			hasScannedForEncodings = 0;
			knownRegions = (
				Base,
				en,
			);
			mainGroup = C814D10A3BBD53D8713B627A;
			productRefGroup = 5476FC9B968ABFA0813B5274 /* Products */;
			projectDirPath = "";
			projectRoot = "";
			targets = (
				C596C54D33E1AD5896BED358 /* CosmonautServiceTests */,
				F3D608511698F2556404F3E6 /* ISSCosmonautService */,
			);
		};
/* End PBXProject section */

/* Begin PBXShellScriptBuildPhase section */
		D2DA106CACFB5978BDD2E013 /* [CP] Check Pods Manifest.lock */ = {
			isa = PBXShellScriptBuildPhase;
			buildActionMask = 2147483647;
			files = (
			);
			inputFileListPaths = (
			);
			inputPaths = (
				"${PODS_PODFILE_DIR_PATH}/Podfile.lock",
				"${PODS_ROOT}/Manifest.lock",
			);
			name = "[CP] Check Pods Manifest.lock";
			outputFileListPaths = (
			);
			outputPaths = (
				"$(DERIVED_FILE_DIR)/Pods-ISSCosmonautService-checkManifestLockResult.txt",
			);
			runOnlyForDeploymentPostprocessing = 0;
			shellPath = /bin/sh;
			shellScript = "diff \"${PODS_PODFILE_DIR_PATH}/Podfile.lock\" \"${PODS_ROOT}/Manifest.lock\" > /dev/null\nif [ $? != 0 ] ; then\n    # print error to STDERR\n    echo \"error: The sandbox is not in sync with the Podfile.lock. Run 'pod install' or update your CocoaPods installation.\" >&2\n    exit 1\nfi\n# This output is used by Xcode 'outputs' to avoid re-running this script phase.\necho \"SUCCESS\" > \"${SCRIPT_OUTPUT_FILE_0}\"\n";
			showEnvVarsInLog = 0;
		};
/* End PBXShellScriptBuildPhase section */

/* Begin PBXSourcesBuildPhase section */
		194BD94CC87AEC6F1BC297B4 /* Sources */ = {
			isa = PBXSourcesBuildPhase;
			buildActionMask = 2147483647;
			files = (
				BDFA4A9BDAFA4145FE82BC2B /* CosmonautServiceTests.swift in Sources */,
			);
			runOnlyForDeploymentPostprocessing = 0;
		};
		47F2F9AF847728010F68E31A /* Sources */ = {
			isa = PBXSourcesBuildPhase;
			buildActionMask = 2147483647;
			files = (
				080E902E17EAF8735788C04A /* CosmonautHealth.swift in Sources */,
				256B3674F316DAB315A01136 /* CosmonautService.swift in Sources */,
				1A2CD195E84735F4ABAF2DE6 /* HealthMeasures.swift in Sources */,
			);
			runOnlyForDeploymentPostprocessing = 0;
		};
/* End PBXSourcesBuildPhase section */

/* Begin PBXTargetDependency section */
		6DCC83C7F7250009F5D144DC /* PBXTargetDependency */ = {
			isa = PBXTargetDependency;
			target = F3D608511698F2556404F3E6 /* ISSCosmonautService */;
			targetProxy = D5BB7A77D01EBBD113C2C7B7 /* PBXContainerItemProxy */;
		};
/* End PBXTargetDependency section */

/* Begin XCBuildConfiguration section */
		099E7A039049BA0307E2BFBD /* Debug */ = {
			isa = XCBuildConfiguration;
			baseConfigurationReference = 818527A4B7B3B87FCD0F3B98 /* Pods-ISSCosmonautService.debug.xcconfig */;
			buildSettings = {
				CODE_SIGN_IDENTITY = "";
				CURRENT_PROJECT_VERSION = 1;
				DEFINES_MODULE = YES;
				DYLIB_COMPATIBILITY_VERSION = 1;
				DYLIB_CURRENT_VERSION = 1;
				DYLIB_INSTALL_NAME_BASE = "@rpath";
				INFOPLIST_FILE = CosmonautService/Info.plist;
				INSTALL_PATH = "$(LOCAL_LIBRARY_DIR)/Frameworks";
				LD_RUNPATH_SEARCH_PATHS = (
					"$(inherited)",
					"@executable_path/Frameworks",
				);
				PRODUCT_BUNDLE_IDENTIFIER = com.iss.ISSCosmonautService;
				SDKROOT = iphoneos;
				SKIP_INSTALL = YES;
				TARGETED_DEVICE_FAMILY = "1,2";
				VERSIONING_SYSTEM = "apple-generic";
			};
			name = Debug;
		};
		2ED18B3FA19D55CE454D16EA /* Debug */ = {
			isa = XCBuildConfiguration;
			buildSettings = {
				ALWAYS_EMBED_SWIFT_STANDARD_LIBRARIES = "$(inherited)";
				ALWAYS_SEARCH_USER_PATHS = NO;
				CLANG_ANALYZER_NONNULL = YES;
				CLANG_ANALYZER_NUMBER_OBJECT_CONVERSION = YES_AGGRESSIVE;
				CLANG_CXX_LANGUAGE_STANDARD = "gnu++14";
				CLANG_CXX_LIBRARY = "libc++";
				CLANG_ENABLE_MODULES = YES;
				CLANG_ENABLE_OBJC_ARC = YES;
				CLANG_ENABLE_OBJC_WEAK = YES;
				CLANG_WARN_BLOCK_CAPTURE_AUTORELEASING = YES;
				CLANG_WARN_BOOL_CONVERSION = YES;
				CLANG_WARN_COMMA = YES;
				CLANG_WARN_CONSTANT_CONVERSION = YES;
				CLANG_WARN_DEPRECATED_OBJC_IMPLEMENTATIONS = YES;
				CLANG_WARN_DIRECT_OBJC_ISA_USAGE = YES_ERROR;
				CLANG_WARN_DOCUMENTATION_COMMENTS = YES;
				CLANG_WARN_EMPTY_BODY = YES;
				CLANG_WARN_ENUM_CONVERSION = YES;
				CLANG_WARN_INFINITE_RECURSION = YES;
				CLANG_WARN_INT_CONVERSION = YES;
				CLANG_WARN_NON_LITERAL_NULL_CONVERSION = YES;
				CLANG_WARN_OBJC_IMPLICIT_RETAIN_SELF = YES;
				CLANG_WARN_OBJC_LITERAL_CONVERSION = YES;
				CLANG_WARN_OBJC_ROOT_CLASS = YES_ERROR;
				CLANG_WARN_QUOTED_INCLUDE_IN_FRAMEWORK_HEADER = YES;
				CLANG_WARN_RANGE_LOOP_ANALYSIS = YES;
				CLANG_WARN_STRICT_PROTOTYPES = YES;
				CLANG_WARN_SUSPICIOUS_MOVE = YES;
				CLANG_WARN_UNGUARDED_AVAILABILITY = YES_AGGRESSIVE;
				CLANG_WARN_UNREACHABLE_CODE = YES;
				CLANG_WARN__DUPLICATE_METHOD_MATCH = YES;
				CODE_SIGN_STYLE = Manual;
				COMPRESS_PNG_FILES = NO;
				COPY_PHASE_STRIP = NO;
				CURRENT_PROJECT_VERSION = 1;
				DEBUG_INFORMATION_FORMAT = dwarf;
				DEFINES_MODULE = YES;
				ENABLE_BITCODE = NO;
				ENABLE_STRICT_OBJC_MSGSEND = YES;
				ENABLE_TESTABILITY = YES;
				FRAMEWORK_SEARCH_PATHS = "$(inherited)";
				GCC_C_LANGUAGE_STANDARD = gnu11;
				GCC_DYNAMIC_NO_PIC = NO;
				GCC_GENERATE_DEBUGGING_SYMBOLS = YES;
				GCC_INSTRUMENT_PROGRAM_FLOW_ARCS = NO;
				GCC_NO_COMMON_BLOCKS = NO;
				GCC_OPTIMIZATION_LEVEL = 0;
				GCC_PRECOMPILE_PREFIX_HEADER = YES;
				GCC_PREPROCESSOR_DEFINITIONS = (
					"$(inherited)",
					"DEBUG=1",
				);
				GCC_WARN_64_TO_32_BIT_CONVERSION = YES;
				GCC_WARN_ABOUT_RETURN_TYPE = YES_ERROR;
				GCC_WARN_UNDECLARED_SELECTOR = YES;
				GCC_WARN_UNINITIALIZED_AUTOS = YES_AGGRESSIVE;
				GCC_WARN_UNUSED_FUNCTION = YES;
				GCC_WARN_UNUSED_VARIABLE = YES;
				HEADER_SEARCH_PATHS = "$(inherited)";
				IPHONEOS_DEPLOYMENT_TARGET = 13.0;
				LD_RUNPATH_SEARCH_PATHS = (
					"$(inherited)",
					"@executable_path/Frameworks",
				);
				LIBRARY_SEARCH_PATHS = "$(inherited)";
				LLVM_LTO = NO;
				MTL_ENABLE_DEBUG_INFO = INCLUDE_SOURCE;
				MTL_FAST_MATH = YES;
				ONLY_ACTIVE_ARCH = YES;
				OTHER_CFLAGS = "$(inherited)";
				OTHER_LDFLAGS = (
					"$(inherited)",
					"-ObjC",
					"-lz",
				);
				OTHER_SWIFT_FLAGS = "$(inherited) -DDEBUG -Xfrontend -debug-time-function-bodies -Xfrontend -warn-long-function-bodies=150 -Xfrontend -warn-long-expression-type-checking=150";
				PRODUCT_NAME = "$(TARGET_NAME)";
				SDKROOT = iphoneos;
				SWIFT_ACTIVE_COMPILATION_CONDITIONS = DEBUG;
				SWIFT_COMPILATION_MODE = wholemodule;
				SWIFT_OPTIMIZATION_LEVEL = "-Onone";
				SWIFT_VERSION = 5.0;
				TARGETED_DEVICE_FAMILY = 1;
			};
			name = Debug;
		};
		A031D813B5866E76DF1AEF08 /* Release */ = {
			isa = XCBuildConfiguration;
			buildSettings = {
				BUNDLE_LOADER = "$(TEST_HOST)";
				INFOPLIST_FILE = CosmonautServiceTests/Info.plist;
				LD_RUNPATH_SEARCH_PATHS = (
					"$(inherited)",
					"@executable_path/Frameworks",
					"@loader_path/Frameworks",
				);
				PRODUCT_BUNDLE_IDENTIFIER = com.iss.CosmonautServiceTests;
				SDKROOT = iphoneos;
				TARGETED_DEVICE_FAMILY = "1,2";
			};
			name = Release;
		};
		DCC49246E3416EC414740604 /* Release */ = {
			isa = XCBuildConfiguration;
			baseConfigurationReference = 48DDB95809B044E91DE5E43F /* Pods-ISSCosmonautService.release.xcconfig */;
			buildSettings = {
				CODE_SIGN_IDENTITY = "";
				CURRENT_PROJECT_VERSION = 1;
				DEFINES_MODULE = YES;
				DYLIB_COMPATIBILITY_VERSION = 1;
				DYLIB_CURRENT_VERSION = 1;
				DYLIB_INSTALL_NAME_BASE = "@rpath";
				INFOPLIST_FILE = CosmonautService/Info.plist;
				INSTALL_PATH = "$(LOCAL_LIBRARY_DIR)/Frameworks";
				LD_RUNPATH_SEARCH_PATHS = (
					"$(inherited)",
					"@executable_path/Frameworks",
				);
				PRODUCT_BUNDLE_IDENTIFIER = com.iss.ISSCosmonautService;
				SDKROOT = iphoneos;
				SKIP_INSTALL = YES;
				TARGETED_DEVICE_FAMILY = "1,2";
				VERSIONING_SYSTEM = "apple-generic";
			};
			name = Release;
		};
		DF45EE3D852BE58034A58F2E /* Debug */ = {
			isa = XCBuildConfiguration;
			buildSettings = {
				BUNDLE_LOADER = "$(TEST_HOST)";
				INFOPLIST_FILE = CosmonautServiceTests/Info.plist;
				LD_RUNPATH_SEARCH_PATHS = (
					"$(inherited)",
					"@executable_path/Frameworks",
					"@loader_path/Frameworks",
				);
				PRODUCT_BUNDLE_IDENTIFIER = com.iss.CosmonautServiceTests;
				SDKROOT = iphoneos;
				TARGETED_DEVICE_FAMILY = "1,2";
			};
			name = Debug;
		};
		FEA205E5E86747F840196E32 /* Release */ = {
			isa = XCBuildConfiguration;
			buildSettings = {
				ALWAYS_EMBED_SWIFT_STANDARD_LIBRARIES = "$(inherited)";
				ALWAYS_SEARCH_USER_PATHS = NO;
				CLANG_ANALYZER_NONNULL = YES;
				CLANG_ANALYZER_NUMBER_OBJECT_CONVERSION = YES_AGGRESSIVE;
				CLANG_CXX_LANGUAGE_STANDARD = "gnu++14";
				CLANG_CXX_LIBRARY = "libc++";
				CLANG_ENABLE_MODULES = YES;
				CLANG_ENABLE_OBJC_ARC = YES;
				CLANG_ENABLE_OBJC_WEAK = YES;
				CLANG_WARN_BLOCK_CAPTURE_AUTORELEASING = YES;
				CLANG_WARN_BOOL_CONVERSION = YES;
				CLANG_WARN_COMMA = YES;
				CLANG_WARN_CONSTANT_CONVERSION = YES;
				CLANG_WARN_DEPRECATED_OBJC_IMPLEMENTATIONS = YES;
				CLANG_WARN_DIRECT_OBJC_ISA_USAGE = YES_ERROR;
				CLANG_WARN_DOCUMENTATION_COMMENTS = YES;
				CLANG_WARN_EMPTY_BODY = YES;
				CLANG_WARN_ENUM_CONVERSION = YES;
				CLANG_WARN_INFINITE_RECURSION = YES;
				CLANG_WARN_INT_CONVERSION = YES;
				CLANG_WARN_NON_LITERAL_NULL_CONVERSION = YES;
				CLANG_WARN_OBJC_IMPLICIT_RETAIN_SELF = YES;
				CLANG_WARN_OBJC_LITERAL_CONVERSION = YES;
				CLANG_WARN_OBJC_ROOT_CLASS = YES_ERROR;
				CLANG_WARN_QUOTED_INCLUDE_IN_FRAMEWORK_HEADER = YES;
				CLANG_WARN_RANGE_LOOP_ANALYSIS = YES;
				CLANG_WARN_STRICT_PROTOTYPES = YES;
				CLANG_WARN_SUSPICIOUS_MOVE = YES;
				CLANG_WARN_UNGUARDED_AVAILABILITY = YES_AGGRESSIVE;
				CLANG_WARN_UNREACHABLE_CODE = YES;
				CLANG_WARN__DUPLICATE_METHOD_MATCH = YES;
				CODE_SIGN_STYLE = Manual;
				COMPRESS_PNG_FILES = NO;
				COPY_PHASE_STRIP = NO;
				CURRENT_PROJECT_VERSION = 1;
				DEBUG_INFORMATION_FORMAT = "dwarf-with-dsym";
				DEFINES_MODULE = YES;
				ENABLE_BITCODE = NO;
				ENABLE_NS_ASSERTIONS = NO;
				ENABLE_STRICT_OBJC_MSGSEND = YES;
				ENABLE_TESTABILITY = NO;
				FRAMEWORK_SEARCH_PATHS = "$(inherited)";
				GCC_C_LANGUAGE_STANDARD = gnu11;
				GCC_GENERATE_DEBUGGING_SYMBOLS = YES;
				GCC_INSTRUMENT_PROGRAM_FLOW_ARCS = NO;
				GCC_NO_COMMON_BLOCKS = NO;
				GCC_PRECOMPILE_PREFIX_HEADER = YES;
				GCC_WARN_64_TO_32_BIT_CONVERSION = YES;
				GCC_WARN_ABOUT_RETURN_TYPE = YES_ERROR;
				GCC_WARN_UNDECLARED_SELECTOR = YES;
				GCC_WARN_UNINITIALIZED_AUTOS = YES_AGGRESSIVE;
				GCC_WARN_UNUSED_FUNCTION = YES;
				GCC_WARN_UNUSED_VARIABLE = YES;
				HEADER_SEARCH_PATHS = "$(inherited)";
				IPHONEOS_DEPLOYMENT_TARGET = 13.0;
				LD_RUNPATH_SEARCH_PATHS = (
					"$(inherited)",
					"@executable_path/Frameworks",
				);
				LIBRARY_SEARCH_PATHS = "$(inherited)";
				LLVM_LTO = Monolithic;
				MTL_ENABLE_DEBUG_INFO = NO;
				MTL_FAST_MATH = YES;
				ONLY_ACTIVE_ARCH = YES;
				OTHER_CFLAGS = "$(inherited)";
				OTHER_LDFLAGS = "$(inherited)";
				OTHER_SWIFT_FLAGS = "$(inherited) -DRELEASE";
				PRODUCT_NAME = "$(TARGET_NAME)";
				SDKROOT = iphoneos;
				SWIFT_COMPILATION_MODE = wholemodule;
				SWIFT_OPTIMIZATION_LEVEL = "-Owholemodule";
				SWIFT_VERSION = 5.0;
				TARGETED_DEVICE_FAMILY = 1;
			};
			name = Release;
		};
/* End XCBuildConfiguration section */

/* Begin XCConfigurationList section */
		7627A976B85CC72909901087 /* Build configuration list for PBXNativeTarget "CosmonautServiceTests" */ = {
			isa = XCConfigurationList;
			buildConfigurations = (
				DF45EE3D852BE58034A58F2E /* Debug */,
				A031D813B5866E76DF1AEF08 /* Release */,
			);
			defaultConfigurationIsVisible = 0;
			defaultConfigurationName = Debug;
		};
		9E8976A87BA2A7D28626DC44 /* Build configuration list for PBXNativeTarget "ISSCosmonautService" */ = {
			isa = XCConfigurationList;
			buildConfigurations = (
				099E7A039049BA0307E2BFBD /* Debug */,
				DCC49246E3416EC414740604 /* Release */,
			);
			defaultConfigurationIsVisible = 0;
			defaultConfigurationName = Debug;
		};
		E8F5331054F70D28AA765A3F /* Build configuration list for PBXProject "CosmonautService" */ = {
			isa = XCConfigurationList;
			buildConfigurations = (
				2ED18B3FA19D55CE454D16EA /* Debug */,
				FEA205E5E86747F840196E32 /* Release */,
			);
			defaultConfigurationIsVisible = 0;
			defaultConfigurationName = Debug;
		};
/* End XCConfigurationList section */
	};
	rootObject = 986BD9253EF9E43D97CF837E /* Project object */;
}
