// !$*UTF8*$!
{
	archiveVersion = 1;
	classes = {
	};
	objectVersion = 51;
	objects = {

/* Begin PBXBuildFile section */
		0F3EB9D2B08B8F72D8A52335 /* PersistenceTests.swift in Sources */ = {isa = PBXBuildFile; fileRef = 7B784DAF4372A05441FEEBEE /* PersistenceTests.swift */; };
		64684245B71D54DB99E39850 /* ISSPersistence.framework in Frameworks */ = {isa = PBXBuildFile; fileRef = 727B4C5F9AB07EABA374D2D3 /* ISSPersistence.framework */; };
		A162AF249C69269BF54BD971 /* ISSPersistence.framework in Embed Frameworks */ = {isa = PBXBuildFile; fileRef = 727B4C5F9AB07EABA374D2D3 /* ISSPersistence.framework */; settings = {ATTRIBUTES = (CodeSignOnCopy, RemoveHeadersOnCopy, ); }; };
		E1F30D8F4EA753DE8A150FC0 /* Pods_ISSPersistence.framework in Frameworks */ = {isa = PBXBuildFile; fileRef = 3C92811E9C88DF4083DD87BC /* Pods_ISSPersistence.framework */; };
		FBEE5C4F5B8AB51A39F856B3 /* ISSPersistence.h in Headers */ = {isa = PBXBuildFile; fileRef = 62E7DF604D965150D91ACFD4 /* ISSPersistence.h */; settings = {ATTRIBUTES = (Public, ); }; };
/* End PBXBuildFile section */

/* Begin PBXContainerItemProxy section */
		09EBC08D5A2C204192622261 /* PBXContainerItemProxy */ = {
			isa = PBXContainerItemProxy;
			containerPortal = AE5A43E728B4FE14A2684BDF /* Project object */;
			proxyType = 1;
			remoteGlobalIDString = 13D6A23924ECBA0735A27B06;
			remoteInfo = ISSPersistence;
		};
/* End PBXContainerItemProxy section */

/* Begin PBXCopyFilesBuildPhase section */
		54A1C5918B4630B0E163BC95 /* Embed Frameworks */ = {
			isa = PBXCopyFilesBuildPhase;
			buildActionMask = 2147483647;
			dstPath = "";
			dstSubfolderSpec = 10;
			files = (
				A162AF249C69269BF54BD971 /* ISSPersistence.framework in Embed Frameworks */,
			);
			name = "Embed Frameworks";
			runOnlyForDeploymentPostprocessing = 0;
		};
/* End PBXCopyFilesBuildPhase section */

/* Begin PBXFileReference section */
		0D07A646E2CE4A9E4F6A50F0 /* Pods-ISSPersistence.debug.xcconfig */ = {isa = PBXFileReference; includeInIndex = 1; lastKnownFileType = text.xcconfig; name = "Pods-ISSPersistence.debug.xcconfig"; path = "Target Support Files/Pods-ISSPersistence/Pods-ISSPersistence.debug.xcconfig"; sourceTree = "<group>"; };
		23B5EC9DDA17468E08BD3B78 /* Info.plist */ = {isa = PBXFileReference; lastKnownFileType = text.plist; path = Info.plist; sourceTree = "<group>"; };
		3C92811E9C88DF4083DD87BC /* Pods_ISSPersistence.framework */ = {isa = PBXFileReference; explicitFileType = wrapper.framework; includeInIndex = 0; path = Pods_ISSPersistence.framework; sourceTree = BUILT_PRODUCTS_DIR; };
		62E7DF604D965150D91ACFD4 /* ISSPersistence.h */ = {isa = PBXFileReference; lastKnownFileType = sourcecode.c.h; path = ISSPersistence.h; sourceTree = "<group>"; };
		727B4C5F9AB07EABA374D2D3 /* ISSPersistence.framework */ = {isa = PBXFileReference; explicitFileType = wrapper.framework; includeInIndex = 0; path = ISSPersistence.framework; sourceTree = BUILT_PRODUCTS_DIR; };
		7B784DAF4372A05441FEEBEE /* PersistenceTests.swift */ = {isa = PBXFileReference; lastKnownFileType = sourcecode.swift; path = PersistenceTests.swift; sourceTree = "<group>"; };
		A51A2F87171B594D6590BD30 /* Pods-ISSPersistence.release.xcconfig */ = {isa = PBXFileReference; includeInIndex = 1; lastKnownFileType = text.xcconfig; name = "Pods-ISSPersistence.release.xcconfig"; path = "Target Support Files/Pods-ISSPersistence/Pods-ISSPersistence.release.xcconfig"; sourceTree = "<group>"; };
		A86AD3212600DA6D6CE37C55 /* PersistenceTests.xctest */ = {isa = PBXFileReference; includeInIndex = 0; lastKnownFileType = wrapper.cfbundle; path = PersistenceTests.xctest; sourceTree = BUILT_PRODUCTS_DIR; };
		EE254E45E86FF0817181F1D8 /* Info.plist */ = {isa = PBXFileReference; lastKnownFileType = text.plist; path = Info.plist; sourceTree = "<group>"; };
/* End PBXFileReference section */

/* Begin PBXFrameworksBuildPhase section */
		785EB548752597804A9A519D /* Frameworks */ = {
			isa = PBXFrameworksBuildPhase;
			buildActionMask = 2147483647;
			files = (
				64684245B71D54DB99E39850 /* ISSPersistence.framework in Frameworks */,
			);
			runOnlyForDeploymentPostprocessing = 0;
		};
		F5BBA11DDF3D467C27C41B68 /* Frameworks */ = {
			isa = PBXFrameworksBuildPhase;
			buildActionMask = 2147483647;
			files = (
				E1F30D8F4EA753DE8A150FC0 /* Pods_ISSPersistence.framework in Frameworks */,
			);
			runOnlyForDeploymentPostprocessing = 0;
		};
/* End PBXFrameworksBuildPhase section */

/* Begin PBXGroup section */
		023AB64E8BA176EEFD020799 /* PersistenceTests */ = {
			isa = PBXGroup;
			children = (
				EE254E45E86FF0817181F1D8 /* Info.plist */,
				7B784DAF4372A05441FEEBEE /* PersistenceTests.swift */,
			);
			path = PersistenceTests;
			sourceTree = "<group>";
		};
		11C5AC99004679A7C157B48D = {
			isa = PBXGroup;
			children = (
				7A2DDED73057ED5960A9D35A /* Persistence */,
				023AB64E8BA176EEFD020799 /* PersistenceTests */,
				C36B7F390DD1DD7C2A175BD4 /* Products */,
				9C9D29D605ED5C4B12A34910 /* Pods */,
				4A6D2B93A411A5692D209B83 /* Frameworks */,
			);
			sourceTree = "<group>";
		};
		4A6D2B93A411A5692D209B83 /* Frameworks */ = {
			isa = PBXGroup;
			children = (
				3C92811E9C88DF4083DD87BC /* Pods_ISSPersistence.framework */,
			);
			name = Frameworks;
			sourceTree = "<group>";
		};
		7A2DDED73057ED5960A9D35A /* Persistence */ = {
			isa = PBXGroup;
			children = (
				23B5EC9DDA17468E08BD3B78 /* Info.plist */,
				62E7DF604D965150D91ACFD4 /* ISSPersistence.h */,
			);
			path = Persistence;
			sourceTree = "<group>";
		};
		9C9D29D605ED5C4B12A34910 /* Pods */ = {
			isa = PBXGroup;
			children = (
				0D07A646E2CE4A9E4F6A50F0 /* Pods-ISSPersistence.debug.xcconfig */,
				A51A2F87171B594D6590BD30 /* Pods-ISSPersistence.release.xcconfig */,
			);
			name = Pods;
			path = ../../app/Cosmonaut/Pods;
			sourceTree = "<group>";
		};
		C36B7F390DD1DD7C2A175BD4 /* Products */ = {
			isa = PBXGroup;
			children = (
				727B4C5F9AB07EABA374D2D3 /* ISSPersistence.framework */,
				A86AD3212600DA6D6CE37C55 /* PersistenceTests.xctest */,
			);
			name = Products;
			sourceTree = "<group>";
		};
/* End PBXGroup section */

/* Begin PBXHeadersBuildPhase section */
		7B56E6D5C437704764507A72 /* Headers */ = {
			isa = PBXHeadersBuildPhase;
			buildActionMask = 2147483647;
			files = (
				FBEE5C4F5B8AB51A39F856B3 /* ISSPersistence.h in Headers */,
			);
			runOnlyForDeploymentPostprocessing = 0;
		};
/* End PBXHeadersBuildPhase section */

/* Begin PBXNativeTarget section */
		05A9FBA9CE6773999F97258B /* PersistenceTests */ = {
			isa = PBXNativeTarget;
			buildConfigurationList = 86C929C385C7AFF4FF7830B8 /* Build configuration list for PBXNativeTarget "PersistenceTests" */;
			buildPhases = (
				4A96B3FDF015AFD8C1E60DA0 /* Sources */,
				785EB548752597804A9A519D /* Frameworks */,
				54A1C5918B4630B0E163BC95 /* Embed Frameworks */,
			);
			buildRules = (
			);
			dependencies = (
				C185973FDD0E23452FEE6B47 /* PBXTargetDependency */,
			);
			name = PersistenceTests;
			productName = PersistenceTests;
			productReference = A86AD3212600DA6D6CE37C55 /* PersistenceTests.xctest */;
			productType = "com.apple.product-type.bundle.unit-test";
		};
		13D6A23924ECBA0735A27B06 /* ISSPersistence */ = {
			isa = PBXNativeTarget;
			buildConfigurationList = 1F7087933EC75B4101EF926E /* Build configuration list for PBXNativeTarget "ISSPersistence" */;
			buildPhases = (
				A0E009CFE4C2A660EA34DEAA /* [CP] Check Pods Manifest.lock */,
				7B56E6D5C437704764507A72 /* Headers */,
				1326151DFDD8B71303D4A889 /* Sources */,
				F5BBA11DDF3D467C27C41B68 /* Frameworks */,
			);
			buildRules = (
			);
			dependencies = (
			);
			name = ISSPersistence;
			productName = ISSPersistence;
			productReference = 727B4C5F9AB07EABA374D2D3 /* ISSPersistence.framework */;
			productType = "com.apple.product-type.framework";
		};
/* End PBXNativeTarget section */

/* Begin PBXProject section */
		AE5A43E728B4FE14A2684BDF /* Project object */ = {
			isa = PBXProject;
			attributes = {
				LastUpgradeCheck = 1200;
				TargetAttributes = {
					05A9FBA9CE6773999F97258B = {
						ProvisioningStyle = Manual;
					};
					13D6A23924ECBA0735A27B06 = {
						ProvisioningStyle = Manual;
					};
				};
			};
			buildConfigurationList = BFF0F68AAE2C8DF514E8196D /* Build configuration list for PBXProject "Persistence" */;
			compatibilityVersion = "Xcode 10.0";
			developmentRegion = en;
			hasScannedForEncodings = 0;
			knownRegions = (
				Base,
				en,
			);
			mainGroup = 11C5AC99004679A7C157B48D;
			productRefGroup = C36B7F390DD1DD7C2A175BD4 /* Products */;
			projectDirPath = "";
			projectRoot = "";
			targets = (
				13D6A23924ECBA0735A27B06 /* ISSPersistence */,
				05A9FBA9CE6773999F97258B /* PersistenceTests */,
			);
		};
/* End PBXProject section */

/* Begin PBXShellScriptBuildPhase section */
		A0E009CFE4C2A660EA34DEAA /* [CP] Check Pods Manifest.lock */ = {
			isa = PBXShellScriptBuildPhase;
			buildActionMask = 2147483647;
			files = (
			);
			inputFileListPaths = (
			);
			inputPaths = (
				"${PODS_PODFILE_DIR_PATH}/Podfile.lock",
				"${PODS_ROOT}/Manifest.lock",
			);
			name = "[CP] Check Pods Manifest.lock";
			outputFileListPaths = (
			);
			outputPaths = (
				"$(DERIVED_FILE_DIR)/Pods-ISSPersistence-checkManifestLockResult.txt",
			);
			runOnlyForDeploymentPostprocessing = 0;
			shellPath = /bin/sh;
			shellScript = "diff \"${PODS_PODFILE_DIR_PATH}/Podfile.lock\" \"${PODS_ROOT}/Manifest.lock\" > /dev/null\nif [ $? != 0 ] ; then\n    # print error to STDERR\n    echo \"error: The sandbox is not in sync with the Podfile.lock. Run 'pod install' or update your CocoaPods installation.\" >&2\n    exit 1\nfi\n# This output is used by Xcode 'outputs' to avoid re-running this script phase.\necho \"SUCCESS\" > \"${SCRIPT_OUTPUT_FILE_0}\"\n";
			showEnvVarsInLog = 0;
		};
/* End PBXShellScriptBuildPhase section */

/* Begin PBXSourcesBuildPhase section */
		1326151DFDD8B71303D4A889 /* Sources */ = {
			isa = PBXSourcesBuildPhase;
			buildActionMask = 2147483647;
			files = (
			);
			runOnlyForDeploymentPostprocessing = 0;
		};
		4A96B3FDF015AFD8C1E60DA0 /* Sources */ = {
			isa = PBXSourcesBuildPhase;
			buildActionMask = 2147483647;
			files = (
				0F3EB9D2B08B8F72D8A52335 /* PersistenceTests.swift in Sources */,
			);
			runOnlyForDeploymentPostprocessing = 0;
		};
/* End PBXSourcesBuildPhase section */

/* Begin PBXTargetDependency section */
		C185973FDD0E23452FEE6B47 /* PBXTargetDependency */ = {
			isa = PBXTargetDependency;
			target = 13D6A23924ECBA0735A27B06 /* ISSPersistence */;
			targetProxy = 09EBC08D5A2C204192622261 /* PBXContainerItemProxy */;
		};
/* End PBXTargetDependency section */

/* Begin XCBuildConfiguration section */
		2B442E94B10B99E4C06967D0 /* Release */ = {
			isa = XCBuildConfiguration;
			baseConfigurationReference = A51A2F87171B594D6590BD30 /* Pods-ISSPersistence.release.xcconfig */;
			buildSettings = {
				CODE_SIGN_IDENTITY = "";
				CURRENT_PROJECT_VERSION = 1;
				DEFINES_MODULE = YES;
				DYLIB_COMPATIBILITY_VERSION = 1;
				DYLIB_CURRENT_VERSION = 1;
				DYLIB_INSTALL_NAME_BASE = "@rpath";
				INFOPLIST_FILE = Persistence/Info.plist;
				INSTALL_PATH = "$(LOCAL_LIBRARY_DIR)/Frameworks";
				LD_RUNPATH_SEARCH_PATHS = (
					"$(inherited)",
					"@executable_path/Frameworks",
				);
				PRODUCT_BUNDLE_IDENTIFIER = com.iss.ISSPersistence;
				SDKROOT = iphoneos;
				SKIP_INSTALL = YES;
				TARGETED_DEVICE_FAMILY = "1,2";
				VERSIONING_SYSTEM = "apple-generic";
			};
			name = Release;
		};
		3EA47827278D7466F049EEB5 /* Debug */ = {
			isa = XCBuildConfiguration;
			buildSettings = {
				ALWAYS_EMBED_SWIFT_STANDARD_LIBRARIES = "$(inherited)";
				ALWAYS_SEARCH_USER_PATHS = NO;
				CLANG_ANALYZER_NONNULL = YES;
				CLANG_ANALYZER_NUMBER_OBJECT_CONVERSION = YES_AGGRESSIVE;
				CLANG_CXX_LANGUAGE_STANDARD = "gnu++14";
				CLANG_CXX_LIBRARY = "libc++";
				CLANG_ENABLE_MODULES = YES;
				CLANG_ENABLE_OBJC_ARC = YES;
				CLANG_ENABLE_OBJC_WEAK = YES;
				CLANG_WARN_BLOCK_CAPTURE_AUTORELEASING = YES;
				CLANG_WARN_BOOL_CONVERSION = YES;
				CLANG_WARN_COMMA = YES;
				CLANG_WARN_CONSTANT_CONVERSION = YES;
				CLANG_WARN_DEPRECATED_OBJC_IMPLEMENTATIONS = YES;
				CLANG_WARN_DIRECT_OBJC_ISA_USAGE = YES_ERROR;
				CLANG_WARN_DOCUMENTATION_COMMENTS = YES;
				CLANG_WARN_EMPTY_BODY = YES;
				CLANG_WARN_ENUM_CONVERSION = YES;
				CLANG_WARN_INFINITE_RECURSION = YES;
				CLANG_WARN_INT_CONVERSION = YES;
				CLANG_WARN_NON_LITERAL_NULL_CONVERSION = YES;
				CLANG_WARN_OBJC_IMPLICIT_RETAIN_SELF = YES;
				CLANG_WARN_OBJC_LITERAL_CONVERSION = YES;
				CLANG_WARN_OBJC_ROOT_CLASS = YES_ERROR;
				CLANG_WARN_QUOTED_INCLUDE_IN_FRAMEWORK_HEADER = YES;
				CLANG_WARN_RANGE_LOOP_ANALYSIS = YES;
				CLANG_WARN_STRICT_PROTOTYPES = YES;
				CLANG_WARN_SUSPICIOUS_MOVE = YES;
				CLANG_WARN_UNGUARDED_AVAILABILITY = YES_AGGRESSIVE;
				CLANG_WARN_UNREACHABLE_CODE = YES;
				CLANG_WARN__DUPLICATE_METHOD_MATCH = YES;
				CODE_SIGN_STYLE = Manual;
				COMPRESS_PNG_FILES = NO;
				COPY_PHASE_STRIP = NO;
				CURRENT_PROJECT_VERSION = 1;
				DEBUG_INFORMATION_FORMAT = dwarf;
				DEFINES_MODULE = YES;
				ENABLE_BITCODE = NO;
				ENABLE_STRICT_OBJC_MSGSEND = YES;
				ENABLE_TESTABILITY = YES;
				FRAMEWORK_SEARCH_PATHS = "$(inherited)";
				GCC_C_LANGUAGE_STANDARD = gnu11;
				GCC_DYNAMIC_NO_PIC = NO;
				GCC_GENERATE_DEBUGGING_SYMBOLS = YES;
				GCC_INSTRUMENT_PROGRAM_FLOW_ARCS = NO;
				GCC_NO_COMMON_BLOCKS = NO;
				GCC_OPTIMIZATION_LEVEL = 0;
				GCC_PRECOMPILE_PREFIX_HEADER = YES;
				GCC_PREPROCESSOR_DEFINITIONS = (
					"$(inherited)",
					"DEBUG=1",
				);
				GCC_WARN_64_TO_32_BIT_CONVERSION = YES;
				GCC_WARN_ABOUT_RETURN_TYPE = YES_ERROR;
				GCC_WARN_UNDECLARED_SELECTOR = YES;
				GCC_WARN_UNINITIALIZED_AUTOS = YES_AGGRESSIVE;
				GCC_WARN_UNUSED_FUNCTION = YES;
				GCC_WARN_UNUSED_VARIABLE = YES;
				HEADER_SEARCH_PATHS = "$(inherited)";
				IPHONEOS_DEPLOYMENT_TARGET = 13.0;
				LD_RUNPATH_SEARCH_PATHS = (
					"$(inherited)",
					"@executable_path/Frameworks",
				);
				LIBRARY_SEARCH_PATHS = "$(inherited)";
				LLVM_LTO = NO;
				MTL_ENABLE_DEBUG_INFO = INCLUDE_SOURCE;
				MTL_FAST_MATH = YES;
				ONLY_ACTIVE_ARCH = YES;
				OTHER_CFLAGS = "$(inherited)";
				OTHER_LDFLAGS = (
					"$(inherited)",
					"-ObjC",
					"-lz",
				);
				OTHER_SWIFT_FLAGS = "$(inherited) -DDEBUG -Xfrontend -debug-time-function-bodies -Xfrontend -warn-long-function-bodies=150 -Xfrontend -warn-long-expression-type-checking=150";
				PRODUCT_NAME = "$(TARGET_NAME)";
				SDKROOT = iphoneos;
				SWIFT_ACTIVE_COMPILATION_CONDITIONS = DEBUG;
				SWIFT_COMPILATION_MODE = wholemodule;
				SWIFT_OPTIMIZATION_LEVEL = "-Onone";
				SWIFT_VERSION = 5.0;
				TARGETED_DEVICE_FAMILY = 1;
			};
			name = Debug;
		};
		469E6A0B9D3DDE209E83A80F /* Release */ = {
			isa = XCBuildConfiguration;
			buildSettings = {
				ALWAYS_EMBED_SWIFT_STANDARD_LIBRARIES = "$(inherited)";
				ALWAYS_SEARCH_USER_PATHS = NO;
				CLANG_ANALYZER_NONNULL = YES;
				CLANG_ANALYZER_NUMBER_OBJECT_CONVERSION = YES_AGGRESSIVE;
				CLANG_CXX_LANGUAGE_STANDARD = "gnu++14";
				CLANG_CXX_LIBRARY = "libc++";
				CLANG_ENABLE_MODULES = YES;
				CLANG_ENABLE_OBJC_ARC = YES;
				CLANG_ENABLE_OBJC_WEAK = YES;
				CLANG_WARN_BLOCK_CAPTURE_AUTORELEASING = YES;
				CLANG_WARN_BOOL_CONVERSION = YES;
				CLANG_WARN_COMMA = YES;
				CLANG_WARN_CONSTANT_CONVERSION = YES;
				CLANG_WARN_DEPRECATED_OBJC_IMPLEMENTATIONS = YES;
				CLANG_WARN_DIRECT_OBJC_ISA_USAGE = YES_ERROR;
				CLANG_WARN_DOCUMENTATION_COMMENTS = YES;
				CLANG_WARN_EMPTY_BODY = YES;
				CLANG_WARN_ENUM_CONVERSION = YES;
				CLANG_WARN_INFINITE_RECURSION = YES;
				CLANG_WARN_INT_CONVERSION = YES;
				CLANG_WARN_NON_LITERAL_NULL_CONVERSION = YES;
				CLANG_WARN_OBJC_IMPLICIT_RETAIN_SELF = YES;
				CLANG_WARN_OBJC_LITERAL_CONVERSION = YES;
				CLANG_WARN_OBJC_ROOT_CLASS = YES_ERROR;
				CLANG_WARN_QUOTED_INCLUDE_IN_FRAMEWORK_HEADER = YES;
				CLANG_WARN_RANGE_LOOP_ANALYSIS = YES;
				CLANG_WARN_STRICT_PROTOTYPES = YES;
				CLANG_WARN_SUSPICIOUS_MOVE = YES;
				CLANG_WARN_UNGUARDED_AVAILABILITY = YES_AGGRESSIVE;
				CLANG_WARN_UNREACHABLE_CODE = YES;
				CLANG_WARN__DUPLICATE_METHOD_MATCH = YES;
				CODE_SIGN_STYLE = Manual;
				COMPRESS_PNG_FILES = NO;
				COPY_PHASE_STRIP = NO;
				CURRENT_PROJECT_VERSION = 1;
				DEBUG_INFORMATION_FORMAT = "dwarf-with-dsym";
				DEFINES_MODULE = YES;
				ENABLE_BITCODE = NO;
				ENABLE_NS_ASSERTIONS = NO;
				ENABLE_STRICT_OBJC_MSGSEND = YES;
				ENABLE_TESTABILITY = NO;
				FRAMEWORK_SEARCH_PATHS = "$(inherited)";
				GCC_C_LANGUAGE_STANDARD = gnu11;
				GCC_GENERATE_DEBUGGING_SYMBOLS = YES;
				GCC_INSTRUMENT_PROGRAM_FLOW_ARCS = NO;
				GCC_NO_COMMON_BLOCKS = NO;
				GCC_PRECOMPILE_PREFIX_HEADER = YES;
				GCC_WARN_64_TO_32_BIT_CONVERSION = YES;
				GCC_WARN_ABOUT_RETURN_TYPE = YES_ERROR;
				GCC_WARN_UNDECLARED_SELECTOR = YES;
				GCC_WARN_UNINITIALIZED_AUTOS = YES_AGGRESSIVE;
				GCC_WARN_UNUSED_FUNCTION = YES;
				GCC_WARN_UNUSED_VARIABLE = YES;
				HEADER_SEARCH_PATHS = "$(inherited)";
				IPHONEOS_DEPLOYMENT_TARGET = 13.0;
				LD_RUNPATH_SEARCH_PATHS = (
					"$(inherited)",
					"@executable_path/Frameworks",
				);
				LIBRARY_SEARCH_PATHS = "$(inherited)";
				LLVM_LTO = Monolithic;
				MTL_ENABLE_DEBUG_INFO = NO;
				MTL_FAST_MATH = YES;
				ONLY_ACTIVE_ARCH = YES;
				OTHER_CFLAGS = "$(inherited)";
				OTHER_LDFLAGS = "$(inherited)";
				OTHER_SWIFT_FLAGS = "$(inherited) -DRELEASE";
				PRODUCT_NAME = "$(TARGET_NAME)";
				SDKROOT = iphoneos;
				SWIFT_COMPILATION_MODE = wholemodule;
				SWIFT_OPTIMIZATION_LEVEL = "-Owholemodule";
				SWIFT_VERSION = 5.0;
				TARGETED_DEVICE_FAMILY = 1;
			};
			name = Release;
		};
		996C192859B3A99FFFB81D6F /* Release */ = {
			isa = XCBuildConfiguration;
			buildSettings = {
				BUNDLE_LOADER = "$(TEST_HOST)";
				INFOPLIST_FILE = PersistenceTests/Info.plist;
				LD_RUNPATH_SEARCH_PATHS = (
					"$(inherited)",
					"@executable_path/Frameworks",
					"@loader_path/Frameworks",
				);
				PRODUCT_BUNDLE_IDENTIFIER = com.iss.PersistenceTests;
				SDKROOT = iphoneos;
				TARGETED_DEVICE_FAMILY = "1,2";
			};
			name = Release;
		};
		E04C4F8B5A9A4C3C2385E918 /* Debug */ = {
			isa = XCBuildConfiguration;
			buildSettings = {
				BUNDLE_LOADER = "$(TEST_HOST)";
				INFOPLIST_FILE = PersistenceTests/Info.plist;
				LD_RUNPATH_SEARCH_PATHS = (
					"$(inherited)",
					"@executable_path/Frameworks",
					"@loader_path/Frameworks",
				);
				PRODUCT_BUNDLE_IDENTIFIER = com.iss.PersistenceTests;
				SDKROOT = iphoneos;
				TARGETED_DEVICE_FAMILY = "1,2";
			};
			name = Debug;
		};
		EEE09FF5A79BFD7E8E4DD655 /* Debug */ = {
			isa = XCBuildConfiguration;
			baseConfigurationReference = 0D07A646E2CE4A9E4F6A50F0 /* Pods-ISSPersistence.debug.xcconfig */;
			buildSettings = {
				CODE_SIGN_IDENTITY = "";
				CURRENT_PROJECT_VERSION = 1;
				DEFINES_MODULE = YES;
				DYLIB_COMPATIBILITY_VERSION = 1;
				DYLIB_CURRENT_VERSION = 1;
				DYLIB_INSTALL_NAME_BASE = "@rpath";
				INFOPLIST_FILE = Persistence/Info.plist;
				INSTALL_PATH = "$(LOCAL_LIBRARY_DIR)/Frameworks";
				LD_RUNPATH_SEARCH_PATHS = (
					"$(inherited)",
					"@executable_path/Frameworks",
				);
				PRODUCT_BUNDLE_IDENTIFIER = com.iss.ISSPersistence;
				SDKROOT = iphoneos;
				SKIP_INSTALL = YES;
				TARGETED_DEVICE_FAMILY = "1,2";
				VERSIONING_SYSTEM = "apple-generic";
			};
			name = Debug;
		};
/* End XCBuildConfiguration section */

/* Begin XCConfigurationList section */
		1F7087933EC75B4101EF926E /* Build configuration list for PBXNativeTarget "ISSPersistence" */ = {
			isa = XCConfigurationList;
			buildConfigurations = (
				EEE09FF5A79BFD7E8E4DD655 /* Debug */,
				2B442E94B10B99E4C06967D0 /* Release */,
			);
			defaultConfigurationIsVisible = 0;
			defaultConfigurationName = Debug;
		};
		86C929C385C7AFF4FF7830B8 /* Build configuration list for PBXNativeTarget "PersistenceTests" */ = {
			isa = XCConfigurationList;
			buildConfigurations = (
				E04C4F8B5A9A4C3C2385E918 /* Debug */,
				996C192859B3A99FFFB81D6F /* Release */,
			);
			defaultConfigurationIsVisible = 0;
			defaultConfigurationName = Debug;
		};
		BFF0F68AAE2C8DF514E8196D /* Build configuration list for PBXProject "Persistence" */ = {
			isa = XCConfigurationList;
			buildConfigurations = (
				3EA47827278D7466F049EEB5 /* Debug */,
				469E6A0B9D3DDE209E83A80F /* Release */,
			);
			defaultConfigurationIsVisible = 0;
			defaultConfigurationName = Debug;
		};
/* End XCConfigurationList section */
	};
	rootObject = AE5A43E728B4FE14A2684BDF /* Project object */;
}
