// !$*UTF8*$!
{
	archiveVersion = 1;
	classes = {
	};
	objectVersion = 51;
	objects = {

/* Begin PBXBuildFile section */
		17E8E7AD3EE0EE6922028136 /* Outputable.swift in Sources */ = {isa = PBXBuildFile; fileRef = 4D1B7CBD4E230A0BCE1EBFA9 /* Outputable.swift */; };
		4B48A8B68A11D4C4542F89F6 /* Color.swift in Sources */ = {isa = PBXBuildFile; fileRef = D4DED54AD13AA6DD63D53434 /* Color.swift */; };
		6F773A62ABE02548FBB1B9FA /* ISSAnimationView.swift in Sources */ = {isa = PBXBuildFile; fileRef = A7B58F4D7A5D5340FE135FBA /* ISSAnimationView.swift */; };
		776BABCF18B40A5AA4D72EBD /* ISSTableView.swift in Sources */ = {isa = PBXBuildFile; fileRef = 723090ECC3891DE7438242F2 /* ISSTableView.swift */; };
		83E861A7E382E3544734D253 /* ISSButton.swift in Sources */ = {isa = PBXBuildFile; fileRef = 3FD5927C6E8251EE716A402C /* ISSButton.swift */; };
		92EE5599DAE26C6792CF7979 /* ISSUIComponents.framework in Frameworks */ = {isa = PBXBuildFile; fileRef = B23779B6B1BA9282A1572EFD /* ISSUIComponents.framework */; };
		A34AEA3F55CB076B041016D8 /* ISSUIComponents.framework in Embed Frameworks */ = {isa = PBXBuildFile; fileRef = B23779B6B1BA9282A1572EFD /* ISSUIComponents.framework */; settings = {ATTRIBUTES = (CodeSignOnCopy, RemoveHeadersOnCopy, ); }; };
		A351B9D3AEACB67F0269A04E /* Pods_ISSUIComponents.framework in Frameworks */ = {isa = PBXBuildFile; fileRef = 99D05C6C9A4C8559D970BFB4 /* Pods_ISSUIComponents.framework */; };
		B17839F0BCB92F69F83AFB4B /* Font.swift in Sources */ = {isa = PBXBuildFile; fileRef = F39684D4CAD6930A3A6BEBE0 /* Font.swift */; };
		C73D976168152E2BD4CB9EF8 /* UIComponentsTests.swift in Sources */ = {isa = PBXBuildFile; fileRef = D0471ABD241540AC7B751087 /* UIComponentsTests.swift */; };
		D2EA2B49EF370C04820BB0AE /* Coordinator.swift in Sources */ = {isa = PBXBuildFile; fileRef = 1EC425049DF9C6DC96DA7E0D /* Coordinator.swift */; };
		D97E6DE1DBB63C279888390B /* ISSDetailTableCell.swift in Sources */ = {isa = PBXBuildFile; fileRef = 40C7FD69AD387CE4402D39F8 /* ISSDetailTableCell.swift */; };
		E9D6C76DEA1D6764FE511DF7 /* ISSUIComponents.h in Headers */ = {isa = PBXBuildFile; fileRef = 9A5AD3D966C4DECE46F97C7A /* ISSUIComponents.h */; settings = {ATTRIBUTES = (Public, ); }; };
/* End PBXBuildFile section */

/* Begin PBXContainerItemProxy section */
		1ED55EF2A1F12AA758E760E5 /* PBXContainerItemProxy */ = {
			isa = PBXContainerItemProxy;
			containerPortal = 44C9EED09D28F206A17B8B19 /* Project object */;
			proxyType = 1;
			remoteGlobalIDString = CB0E33768853A1F608066528;
			remoteInfo = ISSUIComponents;
		};
/* End PBXContainerItemProxy section */

/* Begin PBXCopyFilesBuildPhase section */
		891E9B7AE472E83CAFFACE61 /* Embed Frameworks */ = {
			isa = PBXCopyFilesBuildPhase;
			buildActionMask = 2147483647;
			dstPath = "";
			dstSubfolderSpec = 10;
			files = (
				A34AEA3F55CB076B041016D8 /* ISSUIComponents.framework in Embed Frameworks */,
			);
			name = "Embed Frameworks";
			runOnlyForDeploymentPostprocessing = 0;
		};
/* End PBXCopyFilesBuildPhase section */

/* Begin PBXFileReference section */
		1EC425049DF9C6DC96DA7E0D /* Coordinator.swift */ = {isa = PBXFileReference; lastKnownFileType = sourcecode.swift; path = Coordinator.swift; sourceTree = "<group>"; };
		3FD5927C6E8251EE716A402C /* ISSButton.swift */ = {isa = PBXFileReference; lastKnownFileType = sourcecode.swift; path = ISSButton.swift; sourceTree = "<group>"; };
		40C7FD69AD387CE4402D39F8 /* ISSDetailTableCell.swift */ = {isa = PBXFileReference; lastKnownFileType = sourcecode.swift; path = ISSDetailTableCell.swift; sourceTree = "<group>"; };
		4D1B7CBD4E230A0BCE1EBFA9 /* Outputable.swift */ = {isa = PBXFileReference; lastKnownFileType = sourcecode.swift; path = Outputable.swift; sourceTree = "<group>"; };
		723090ECC3891DE7438242F2 /* ISSTableView.swift */ = {isa = PBXFileReference; lastKnownFileType = sourcecode.swift; path = ISSTableView.swift; sourceTree = "<group>"; };
		8002542D895B1757872B8000 /* Info.plist */ = {isa = PBXFileReference; lastKnownFileType = text.plist; path = Info.plist; sourceTree = "<group>"; };
		8A1591C95677B0FEB4232B5A /* UIComponentsTests.xctest */ = {isa = PBXFileReference; includeInIndex = 0; lastKnownFileType = wrapper.cfbundle; path = UIComponentsTests.xctest; sourceTree = BUILT_PRODUCTS_DIR; };
		99D05C6C9A4C8559D970BFB4 /* Pods_ISSUIComponents.framework */ = {isa = PBXFileReference; explicitFileType = wrapper.framework; includeInIndex = 0; path = Pods_ISSUIComponents.framework; sourceTree = BUILT_PRODUCTS_DIR; };
		9A5AD3D966C4DECE46F97C7A /* ISSUIComponents.h */ = {isa = PBXFileReference; lastKnownFileType = sourcecode.c.h; path = ISSUIComponents.h; sourceTree = "<group>"; };
		A7B58F4D7A5D5340FE135FBA /* ISSAnimationView.swift */ = {isa = PBXFileReference; lastKnownFileType = sourcecode.swift; path = ISSAnimationView.swift; sourceTree = "<group>"; };
		AC15AF793B5638BCA5C8B30A /* Pods-ISSUIComponents.debug.xcconfig */ = {isa = PBXFileReference; includeInIndex = 1; lastKnownFileType = text.xcconfig; name = "Pods-ISSUIComponents.debug.xcconfig"; path = "Target Support Files/Pods-ISSUIComponents/Pods-ISSUIComponents.debug.xcconfig"; sourceTree = "<group>"; };
		B23779B6B1BA9282A1572EFD /* ISSUIComponents.framework */ = {isa = PBXFileReference; explicitFileType = wrapper.framework; includeInIndex = 0; path = ISSUIComponents.framework; sourceTree = BUILT_PRODUCTS_DIR; };
		B33A1C9F4D97A06D28329BA2 /* Pods-ISSUIComponents.release.xcconfig */ = {isa = PBXFileReference; includeInIndex = 1; lastKnownFileType = text.xcconfig; name = "Pods-ISSUIComponents.release.xcconfig"; path = "Target Support Files/Pods-ISSUIComponents/Pods-ISSUIComponents.release.xcconfig"; sourceTree = "<group>"; };
		D0471ABD241540AC7B751087 /* UIComponentsTests.swift */ = {isa = PBXFileReference; lastKnownFileType = sourcecode.swift; path = UIComponentsTests.swift; sourceTree = "<group>"; };
		D4DED54AD13AA6DD63D53434 /* Color.swift */ = {isa = PBXFileReference; lastKnownFileType = sourcecode.swift; path = Color.swift; sourceTree = "<group>"; };
		DD842186BC1234A08C0A5E18 /* Info.plist */ = {isa = PBXFileReference; lastKnownFileType = text.plist; path = Info.plist; sourceTree = "<group>"; };
		F39684D4CAD6930A3A6BEBE0 /* Font.swift */ = {isa = PBXFileReference; lastKnownFileType = sourcecode.swift; path = Font.swift; sourceTree = "<group>"; };
/* End PBXFileReference section */

/* Begin PBXFrameworksBuildPhase section */
		A987B13B2D34B99BC996E732 /* Frameworks */ = {
			isa = PBXFrameworksBuildPhase;
			buildActionMask = 2147483647;
			files = (
				A351B9D3AEACB67F0269A04E /* Pods_ISSUIComponents.framework in Frameworks */,
			);
			runOnlyForDeploymentPostprocessing = 0;
		};
		D72DCCFF297A73FC0B1A1112 /* Frameworks */ = {
			isa = PBXFrameworksBuildPhase;
			buildActionMask = 2147483647;
			files = (
				92EE5599DAE26C6792CF7979 /* ISSUIComponents.framework in Frameworks */,
			);
			runOnlyForDeploymentPostprocessing = 0;
		};
/* End PBXFrameworksBuildPhase section */

/* Begin PBXGroup section */
		0B23238E3B6CEDD4ADC7CB9A /* UIComponents */ = {
			isa = PBXGroup;
			children = (
				DD842186BC1234A08C0A5E18 /* Info.plist */,
				9A5AD3D966C4DECE46F97C7A /* ISSUIComponents.h */,
				796926C35BA09957B1B3D95B /* Source */,
			);
			path = UIComponents;
			sourceTree = "<group>";
		};
		1426C5CF895E5D28A631EBDC /* Frameworks */ = {
			isa = PBXGroup;
			children = (
				99D05C6C9A4C8559D970BFB4 /* Pods_ISSUIComponents.framework */,
			);
			name = Frameworks;
			sourceTree = "<group>";
		};
		742195BD2530BBA73AA560B9 /* Pods */ = {
			isa = PBXGroup;
			children = (
				AC15AF793B5638BCA5C8B30A /* Pods-ISSUIComponents.debug.xcconfig */,
				B33A1C9F4D97A06D28329BA2 /* Pods-ISSUIComponents.release.xcconfig */,
			);
			name = Pods;
			path = ../../app/Cosmonaut/Pods;
			sourceTree = "<group>";
		};
		796926C35BA09957B1B3D95B /* Source */ = {
			isa = PBXGroup;
			children = (
				D4DED54AD13AA6DD63D53434 /* Color.swift */,
				1EC425049DF9C6DC96DA7E0D /* Coordinator.swift */,
				F39684D4CAD6930A3A6BEBE0 /* Font.swift */,
				A7B58F4D7A5D5340FE135FBA /* ISSAnimationView.swift */,
				3FD5927C6E8251EE716A402C /* ISSButton.swift */,
				4D1B7CBD4E230A0BCE1EBFA9 /* Outputable.swift */,
				AE12C867AB2E83EECC7E02C3 /* ISSTableView */,
			);
			path = Source;
			sourceTree = "<group>";
		};
		A3AF73A7E1A5280A591BB443 /* Products */ = {
			isa = PBXGroup;
			children = (
				B23779B6B1BA9282A1572EFD /* ISSUIComponents.framework */,
				8A1591C95677B0FEB4232B5A /* UIComponentsTests.xctest */,
			);
			name = Products;
			sourceTree = "<group>";
		};
		AE12C867AB2E83EECC7E02C3 /* ISSTableView */ = {
			isa = PBXGroup;
			children = (
				40C7FD69AD387CE4402D39F8 /* ISSDetailTableCell.swift */,
				723090ECC3891DE7438242F2 /* ISSTableView.swift */,
			);
			path = ISSTableView;
			sourceTree = "<group>";
		};
		CB17CC7A66071F8C2CE73EB3 = {
			isa = PBXGroup;
			children = (
				0B23238E3B6CEDD4ADC7CB9A /* UIComponents */,
				EEBF5FB3201C009D7B5868A6 /* UIComponentsTests */,
				A3AF73A7E1A5280A591BB443 /* Products */,
				742195BD2530BBA73AA560B9 /* Pods */,
				1426C5CF895E5D28A631EBDC /* Frameworks */,
			);
			sourceTree = "<group>";
		};
		EEBF5FB3201C009D7B5868A6 /* UIComponentsTests */ = {
			isa = PBXGroup;
			children = (
				8002542D895B1757872B8000 /* Info.plist */,
				D0471ABD241540AC7B751087 /* UIComponentsTests.swift */,
			);
			path = UIComponentsTests;
			sourceTree = "<group>";
		};
/* End PBXGroup section */

/* Begin PBXHeadersBuildPhase section */
		6FF78DDEA9D3D1D2890DD190 /* Headers */ = {
			isa = PBXHeadersBuildPhase;
			buildActionMask = 2147483647;
			files = (
				E9D6C76DEA1D6764FE511DF7 /* ISSUIComponents.h in Headers */,
			);
			runOnlyForDeploymentPostprocessing = 0;
		};
/* End PBXHeadersBuildPhase section */

/* Begin PBXNativeTarget section */
		CB0E33768853A1F608066528 /* ISSUIComponents */ = {
			isa = PBXNativeTarget;
			buildConfigurationList = C0A2557C1E089E82D00E4D5B /* Build configuration list for PBXNativeTarget "ISSUIComponents" */;
			buildPhases = (
				36EDD670E2612E8D09335EA6 /* [CP] Check Pods Manifest.lock */,
				6FF78DDEA9D3D1D2890DD190 /* Headers */,
				75B36429A0E95D7C43E07EB2 /* Sources */,
				A987B13B2D34B99BC996E732 /* Frameworks */,
			);
			buildRules = (
			);
			dependencies = (
			);
			name = ISSUIComponents;
			productName = ISSUIComponents;
			productReference = B23779B6B1BA9282A1572EFD /* ISSUIComponents.framework */;
			productType = "com.apple.product-type.framework";
		};
		F0BBEFAA1B67C9723C873993 /* UIComponentsTests */ = {
			isa = PBXNativeTarget;
			buildConfigurationList = 1D458DCAB8B9F115959592AB /* Build configuration list for PBXNativeTarget "UIComponentsTests" */;
			buildPhases = (
				5AE26BAFC723D4EF2342AC2E /* Sources */,
				D72DCCFF297A73FC0B1A1112 /* Frameworks */,
				891E9B7AE472E83CAFFACE61 /* Embed Frameworks */,
			);
			buildRules = (
			);
			dependencies = (
				9101CE00B2C106E09FDD4E78 /* PBXTargetDependency */,
			);
			name = UIComponentsTests;
			productName = UIComponentsTests;
			productReference = 8A1591C95677B0FEB4232B5A /* UIComponentsTests.xctest */;
			productType = "com.apple.product-type.bundle.unit-test";
		};
/* End PBXNativeTarget section */

/* Begin PBXProject section */
		44C9EED09D28F206A17B8B19 /* Project object */ = {
			isa = PBXProject;
			attributes = {
				LastUpgradeCheck = 1200;
				TargetAttributes = {
					CB0E33768853A1F608066528 = {
						ProvisioningStyle = Manual;
					};
					F0BBEFAA1B67C9723C873993 = {
						ProvisioningStyle = Manual;
					};
				};
			};
			buildConfigurationList = B25D0D423C964D4CBA9523C0 /* Build configuration list for PBXProject "UIComponents" */;
			compatibilityVersion = "Xcode 10.0";
			developmentRegion = en;
			hasScannedForEncodings = 0;
			knownRegions = (
				Base,
				en,
			);
			mainGroup = CB17CC7A66071F8C2CE73EB3;
			productRefGroup = A3AF73A7E1A5280A591BB443 /* Products */;
			projectDirPath = "";
			projectRoot = "";
			targets = (
				CB0E33768853A1F608066528 /* ISSUIComponents */,
				F0BBEFAA1B67C9723C873993 /* UIComponentsTests */,
			);
		};
/* End PBXProject section */

/* Begin PBXShellScriptBuildPhase section */
		36EDD670E2612E8D09335EA6 /* [CP] Check Pods Manifest.lock */ = {
			isa = PBXShellScriptBuildPhase;
			buildActionMask = 2147483647;
			files = (
			);
			inputFileListPaths = (
			);
			inputPaths = (
				"${PODS_PODFILE_DIR_PATH}/Podfile.lock",
				"${PODS_ROOT}/Manifest.lock",
			);
			name = "[CP] Check Pods Manifest.lock";
			outputFileListPaths = (
			);
			outputPaths = (
				"$(DERIVED_FILE_DIR)/Pods-ISSUIComponents-checkManifestLockResult.txt",
			);
			runOnlyForDeploymentPostprocessing = 0;
			shellPath = /bin/sh;
			shellScript = "diff \"${PODS_PODFILE_DIR_PATH}/Podfile.lock\" \"${PODS_ROOT}/Manifest.lock\" > /dev/null\nif [ $? != 0 ] ; then\n    # print error to STDERR\n    echo \"error: The sandbox is not in sync with the Podfile.lock. Run 'pod install' or update your CocoaPods installation.\" >&2\n    exit 1\nfi\n# This output is used by Xcode 'outputs' to avoid re-running this script phase.\necho \"SUCCESS\" > \"${SCRIPT_OUTPUT_FILE_0}\"\n";
			showEnvVarsInLog = 0;
		};
/* End PBXShellScriptBuildPhase section */

/* Begin PBXSourcesBuildPhase section */
		5AE26BAFC723D4EF2342AC2E /* Sources */ = {
			isa = PBXSourcesBuildPhase;
			buildActionMask = 2147483647;
			files = (
				C73D976168152E2BD4CB9EF8 /* UIComponentsTests.swift in Sources */,
			);
			runOnlyForDeploymentPostprocessing = 0;
		};
		75B36429A0E95D7C43E07EB2 /* Sources */ = {
			isa = PBXSourcesBuildPhase;
			buildActionMask = 2147483647;
			files = (
				4B48A8B68A11D4C4542F89F6 /* Color.swift in Sources */,
				D2EA2B49EF370C04820BB0AE /* Coordinator.swift in Sources */,
				B17839F0BCB92F69F83AFB4B /* Font.swift in Sources */,
				6F773A62ABE02548FBB1B9FA /* ISSAnimationView.swift in Sources */,
				83E861A7E382E3544734D253 /* ISSButton.swift in Sources */,
				D97E6DE1DBB63C279888390B /* ISSDetailTableCell.swift in Sources */,
				776BABCF18B40A5AA4D72EBD /* ISSTableView.swift in Sources */,
				17E8E7AD3EE0EE6922028136 /* Outputable.swift in Sources */,
			);
			runOnlyForDeploymentPostprocessing = 0;
		};
/* End PBXSourcesBuildPhase section */

/* Begin PBXTargetDependency section */
		9101CE00B2C106E09FDD4E78 /* PBXTargetDependency */ = {
			isa = PBXTargetDependency;
			target = CB0E33768853A1F608066528 /* ISSUIComponents */;
			targetProxy = 1ED55EF2A1F12AA758E760E5 /* PBXContainerItemProxy */;
		};
/* End PBXTargetDependency section */

/* Begin XCBuildConfiguration section */
		0B83994897882A20AC1BE467 /* Release */ = {
			isa = XCBuildConfiguration;
			buildSettings = {
				ALWAYS_EMBED_SWIFT_STANDARD_LIBRARIES = "$(inherited)";
				ALWAYS_SEARCH_USER_PATHS = NO;
				CLANG_ANALYZER_NONNULL = YES;
				CLANG_ANALYZER_NUMBER_OBJECT_CONVERSION = YES_AGGRESSIVE;
				CLANG_CXX_LANGUAGE_STANDARD = "gnu++14";
				CLANG_CXX_LIBRARY = "libc++";
				CLANG_ENABLE_MODULES = YES;
				CLANG_ENABLE_OBJC_ARC = YES;
				CLANG_ENABLE_OBJC_WEAK = YES;
				CLANG_WARN_BLOCK_CAPTURE_AUTORELEASING = YES;
				CLANG_WARN_BOOL_CONVERSION = YES;
				CLANG_WARN_COMMA = YES;
				CLANG_WARN_CONSTANT_CONVERSION = YES;
				CLANG_WARN_DEPRECATED_OBJC_IMPLEMENTATIONS = YES;
				CLANG_WARN_DIRECT_OBJC_ISA_USAGE = YES_ERROR;
				CLANG_WARN_DOCUMENTATION_COMMENTS = YES;
				CLANG_WARN_EMPTY_BODY = YES;
				CLANG_WARN_ENUM_CONVERSION = YES;
				CLANG_WARN_INFINITE_RECURSION = YES;
				CLANG_WARN_INT_CONVERSION = YES;
				CLANG_WARN_NON_LITERAL_NULL_CONVERSION = YES;
				CLANG_WARN_OBJC_IMPLICIT_RETAIN_SELF = YES;
				CLANG_WARN_OBJC_LITERAL_CONVERSION = YES;
				CLANG_WARN_OBJC_ROOT_CLASS = YES_ERROR;
				CLANG_WARN_QUOTED_INCLUDE_IN_FRAMEWORK_HEADER = YES;
				CLANG_WARN_RANGE_LOOP_ANALYSIS = YES;
				CLANG_WARN_STRICT_PROTOTYPES = YES;
				CLANG_WARN_SUSPICIOUS_MOVE = YES;
				CLANG_WARN_UNGUARDED_AVAILABILITY = YES_AGGRESSIVE;
				CLANG_WARN_UNREACHABLE_CODE = YES;
				CLANG_WARN__DUPLICATE_METHOD_MATCH = YES;
				CODE_SIGN_STYLE = Manual;
				COMPRESS_PNG_FILES = NO;
				COPY_PHASE_STRIP = NO;
				CURRENT_PROJECT_VERSION = 1;
				DEBUG_INFORMATION_FORMAT = "dwarf-with-dsym";
				DEFINES_MODULE = YES;
				ENABLE_BITCODE = NO;
				ENABLE_NS_ASSERTIONS = NO;
				ENABLE_STRICT_OBJC_MSGSEND = YES;
				ENABLE_TESTABILITY = NO;
				FRAMEWORK_SEARCH_PATHS = "$(inherited)";
				GCC_C_LANGUAGE_STANDARD = gnu11;
				GCC_GENERATE_DEBUGGING_SYMBOLS = YES;
				GCC_INSTRUMENT_PROGRAM_FLOW_ARCS = NO;
				GCC_NO_COMMON_BLOCKS = NO;
				GCC_PRECOMPILE_PREFIX_HEADER = YES;
				GCC_WARN_64_TO_32_BIT_CONVERSION = YES;
				GCC_WARN_ABOUT_RETURN_TYPE = YES_ERROR;
				GCC_WARN_UNDECLARED_SELECTOR = YES;
				GCC_WARN_UNINITIALIZED_AUTOS = YES_AGGRESSIVE;
				GCC_WARN_UNUSED_FUNCTION = YES;
				GCC_WARN_UNUSED_VARIABLE = YES;
				HEADER_SEARCH_PATHS = "$(inherited)";
				IPHONEOS_DEPLOYMENT_TARGET = 13.0;
				LD_RUNPATH_SEARCH_PATHS = (
					"$(inherited)",
					"@executable_path/Frameworks",
				);
				LIBRARY_SEARCH_PATHS = "$(inherited)";
				LLVM_LTO = Monolithic;
				MTL_ENABLE_DEBUG_INFO = NO;
				MTL_FAST_MATH = YES;
				ONLY_ACTIVE_ARCH = YES;
				OTHER_CFLAGS = "$(inherited)";
				OTHER_LDFLAGS = "$(inherited)";
				OTHER_SWIFT_FLAGS = "$(inherited) -DRELEASE";
				PRODUCT_NAME = "$(TARGET_NAME)";
				SDKROOT = iphoneos;
				SWIFT_COMPILATION_MODE = wholemodule;
				SWIFT_OPTIMIZATION_LEVEL = "-Owholemodule";
				SWIFT_VERSION = 5.0;
				TARGETED_DEVICE_FAMILY = 1;
			};
			name = Release;
		};
		1314541D635C003A0BA3AAA6 /* Release */ = {
			isa = XCBuildConfiguration;
			baseConfigurationReference = B33A1C9F4D97A06D28329BA2 /* Pods-ISSUIComponents.release.xcconfig */;
			buildSettings = {
				CODE_SIGN_IDENTITY = "";
				CURRENT_PROJECT_VERSION = 1;
				DEFINES_MODULE = YES;
				DYLIB_COMPATIBILITY_VERSION = 1;
				DYLIB_CURRENT_VERSION = 1;
				DYLIB_INSTALL_NAME_BASE = "@rpath";
				INFOPLIST_FILE = UIComponents/Info.plist;
				INSTALL_PATH = "$(LOCAL_LIBRARY_DIR)/Frameworks";
				LD_RUNPATH_SEARCH_PATHS = (
					"$(inherited)",
					"@executable_path/Frameworks",
				);
				PRODUCT_BUNDLE_IDENTIFIER = com.iss.ISSUIComponents;
				SDKROOT = iphoneos;
				SKIP_INSTALL = YES;
				TARGETED_DEVICE_FAMILY = "1,2";
				VERSIONING_SYSTEM = "apple-generic";
			};
			name = Release;
		};
		18CE62B8BD86F45AC1F105B3 /* Debug */ = {
			isa = XCBuildConfiguration;
			buildSettings = {
				ALWAYS_EMBED_SWIFT_STANDARD_LIBRARIES = "$(inherited)";
				ALWAYS_SEARCH_USER_PATHS = NO;
				CLANG_ANALYZER_NONNULL = YES;
				CLANG_ANALYZER_NUMBER_OBJECT_CONVERSION = YES_AGGRESSIVE;
				CLANG_CXX_LANGUAGE_STANDARD = "gnu++14";
				CLANG_CXX_LIBRARY = "libc++";
				CLANG_ENABLE_MODULES = YES;
				CLANG_ENABLE_OBJC_ARC = YES;
				CLANG_ENABLE_OBJC_WEAK = YES;
				CLANG_WARN_BLOCK_CAPTURE_AUTORELEASING = YES;
				CLANG_WARN_BOOL_CONVERSION = YES;
				CLANG_WARN_COMMA = YES;
				CLANG_WARN_CONSTANT_CONVERSION = YES;
				CLANG_WARN_DEPRECATED_OBJC_IMPLEMENTATIONS = YES;
				CLANG_WARN_DIRECT_OBJC_ISA_USAGE = YES_ERROR;
				CLANG_WARN_DOCUMENTATION_COMMENTS = YES;
				CLANG_WARN_EMPTY_BODY = YES;
				CLANG_WARN_ENUM_CONVERSION = YES;
				CLANG_WARN_INFINITE_RECURSION = YES;
				CLANG_WARN_INT_CONVERSION = YES;
				CLANG_WARN_NON_LITERAL_NULL_CONVERSION = YES;
				CLANG_WARN_OBJC_IMPLICIT_RETAIN_SELF = YES;
				CLANG_WARN_OBJC_LITERAL_CONVERSION = YES;
				CLANG_WARN_OBJC_ROOT_CLASS = YES_ERROR;
				CLANG_WARN_QUOTED_INCLUDE_IN_FRAMEWORK_HEADER = YES;
				CLANG_WARN_RANGE_LOOP_ANALYSIS = YES;
				CLANG_WARN_STRICT_PROTOTYPES = YES;
				CLANG_WARN_SUSPICIOUS_MOVE = YES;
				CLANG_WARN_UNGUARDED_AVAILABILITY = YES_AGGRESSIVE;
				CLANG_WARN_UNREACHABLE_CODE = YES;
				CLANG_WARN__DUPLICATE_METHOD_MATCH = YES;
				CODE_SIGN_STYLE = Manual;
				COMPRESS_PNG_FILES = NO;
				COPY_PHASE_STRIP = NO;
				CURRENT_PROJECT_VERSION = 1;
				DEBUG_INFORMATION_FORMAT = dwarf;
				DEFINES_MODULE = YES;
				ENABLE_BITCODE = NO;
				ENABLE_STRICT_OBJC_MSGSEND = YES;
				ENABLE_TESTABILITY = YES;
				FRAMEWORK_SEARCH_PATHS = "$(inherited)";
				GCC_C_LANGUAGE_STANDARD = gnu11;
				GCC_DYNAMIC_NO_PIC = NO;
				GCC_GENERATE_DEBUGGING_SYMBOLS = YES;
				GCC_INSTRUMENT_PROGRAM_FLOW_ARCS = NO;
				GCC_NO_COMMON_BLOCKS = NO;
				GCC_OPTIMIZATION_LEVEL = 0;
				GCC_PRECOMPILE_PREFIX_HEADER = YES;
				GCC_PREPROCESSOR_DEFINITIONS = (
					"$(inherited)",
					"DEBUG=1",
				);
				GCC_WARN_64_TO_32_BIT_CONVERSION = YES;
				GCC_WARN_ABOUT_RETURN_TYPE = YES_ERROR;
				GCC_WARN_UNDECLARED_SELECTOR = YES;
				GCC_WARN_UNINITIALIZED_AUTOS = YES_AGGRESSIVE;
				GCC_WARN_UNUSED_FUNCTION = YES;
				GCC_WARN_UNUSED_VARIABLE = YES;
				HEADER_SEARCH_PATHS = "$(inherited)";
				IPHONEOS_DEPLOYMENT_TARGET = 13.0;
				LD_RUNPATH_SEARCH_PATHS = (
					"$(inherited)",
					"@executable_path/Frameworks",
				);
				LIBRARY_SEARCH_PATHS = "$(inherited)";
				LLVM_LTO = NO;
				MTL_ENABLE_DEBUG_INFO = INCLUDE_SOURCE;
				MTL_FAST_MATH = YES;
				ONLY_ACTIVE_ARCH = YES;
				OTHER_CFLAGS = "$(inherited)";
				OTHER_LDFLAGS = (
					"$(inherited)",
					"-ObjC",
					"-lz",
				);
				OTHER_SWIFT_FLAGS = "$(inherited) -DDEBUG -Xfrontend -debug-time-function-bodies -Xfrontend -warn-long-function-bodies=150 -Xfrontend -warn-long-expression-type-checking=150";
				PRODUCT_NAME = "$(TARGET_NAME)";
				SDKROOT = iphoneos;
				SWIFT_ACTIVE_COMPILATION_CONDITIONS = DEBUG;
				SWIFT_COMPILATION_MODE = wholemodule;
				SWIFT_OPTIMIZATION_LEVEL = "-Onone";
				SWIFT_VERSION = 5.0;
				TARGETED_DEVICE_FAMILY = 1;
			};
			name = Debug;
		};
		2623314A936926611E487274 /* Release */ = {
			isa = XCBuildConfiguration;
			buildSettings = {
				BUNDLE_LOADER = "$(TEST_HOST)";
				INFOPLIST_FILE = UIComponentsTests/Info.plist;
				LD_RUNPATH_SEARCH_PATHS = (
					"$(inherited)",
					"@executable_path/Frameworks",
					"@loader_path/Frameworks",
				);
				PRODUCT_BUNDLE_IDENTIFIER = com.iss.UIComponentsTests;
				SDKROOT = iphoneos;
				TARGETED_DEVICE_FAMILY = "1,2";
			};
			name = Release;
		};
		49F6CC11E4A5D678D1B668AC /* Debug */ = {
			isa = XCBuildConfiguration;
			buildSettings = {
				BUNDLE_LOADER = "$(TEST_HOST)";
				INFOPLIST_FILE = UIComponentsTests/Info.plist;
				LD_RUNPATH_SEARCH_PATHS = (
					"$(inherited)",
					"@executable_path/Frameworks",
					"@loader_path/Frameworks",
				);
				PRODUCT_BUNDLE_IDENTIFIER = com.iss.UIComponentsTests;
				SDKROOT = iphoneos;
				TARGETED_DEVICE_FAMILY = "1,2";
			};
			name = Debug;
		};
		7F9A0A6311522F099BF10F04 /* Debug */ = {
			isa = XCBuildConfiguration;
			baseConfigurationReference = AC15AF793B5638BCA5C8B30A /* Pods-ISSUIComponents.debug.xcconfig */;
			buildSettings = {
				CODE_SIGN_IDENTITY = "";
				CURRENT_PROJECT_VERSION = 1;
				DEFINES_MODULE = YES;
				DYLIB_COMPATIBILITY_VERSION = 1;
				DYLIB_CURRENT_VERSION = 1;
				DYLIB_INSTALL_NAME_BASE = "@rpath";
				INFOPLIST_FILE = UIComponents/Info.plist;
				INSTALL_PATH = "$(LOCAL_LIBRARY_DIR)/Frameworks";
				LD_RUNPATH_SEARCH_PATHS = (
					"$(inherited)",
					"@executable_path/Frameworks",
				);
				PRODUCT_BUNDLE_IDENTIFIER = com.iss.ISSUIComponents;
				SDKROOT = iphoneos;
				SKIP_INSTALL = YES;
				TARGETED_DEVICE_FAMILY = "1,2";
				VERSIONING_SYSTEM = "apple-generic";
			};
			name = Debug;
		};
/* End XCBuildConfiguration section */

/* Begin XCConfigurationList section */
		1D458DCAB8B9F115959592AB /* Build configuration list for PBXNativeTarget "UIComponentsTests" */ = {
			isa = XCConfigurationList;
			buildConfigurations = (
				49F6CC11E4A5D678D1B668AC /* Debug */,
				2623314A936926611E487274 /* Release */,
			);
			defaultConfigurationIsVisible = 0;
			defaultConfigurationName = Debug;
		};
		B25D0D423C964D4CBA9523C0 /* Build configuration list for PBXProject "UIComponents" */ = {
			isa = XCConfigurationList;
			buildConfigurations = (
				18CE62B8BD86F45AC1F105B3 /* Debug */,
				0B83994897882A20AC1BE467 /* Release */,
			);
			defaultConfigurationIsVisible = 0;
			defaultConfigurationName = Debug;
		};
		C0A2557C1E089E82D00E4D5B /* Build configuration list for PBXNativeTarget "ISSUIComponents" */ = {
			isa = XCConfigurationList;
			buildConfigurations = (
				7F9A0A6311522F099BF10F04 /* Debug */,
				1314541D635C003A0BA3AAA6 /* Release */,
			);
			defaultConfigurationIsVisible = 0;
			defaultConfigurationName = Debug;
		};
/* End XCConfigurationList section */
	};
	rootObject = 44C9EED09D28F206A17B8B19 /* Project object */;
}
